// !$*UTF8*$!
{
	archiveVersion = 1;
	classes = {
	};
	objectVersion = 55;
	objects = {

/* Begin PBXBuildFile section */
		A81FA34E287A595B002F7EAE /* RealTimeManager.swift in Sources */ = {isa = PBXBuildFile; fileRef = A81FA34D287A595B002F7EAE /* RealTimeManager.swift */; };
		A81FA351287A5C7B002F7EAE /* FirebaseAnalytics in Frameworks */ = {isa = PBXBuildFile; productRef = A81FA350287A5C7B002F7EAE /* FirebaseAnalytics */; };
		A81FA353287A5C7B002F7EAE /* FirebaseAnalyticsOnDeviceConversion in Frameworks */ = {isa = PBXBuildFile; productRef = A81FA352287A5C7B002F7EAE /* FirebaseAnalyticsOnDeviceConversion */; };
		A81FA355287A5C7B002F7EAE /* FirebaseAnalyticsSwift in Frameworks */ = {isa = PBXBuildFile; productRef = A81FA354287A5C7B002F7EAE /* FirebaseAnalyticsSwift */; };
		A81FA357287A5C7B002F7EAE /* FirebaseAnalyticsWithoutAdIdSupport in Frameworks */ = {isa = PBXBuildFile; productRef = A81FA356287A5C7B002F7EAE /* FirebaseAnalyticsWithoutAdIdSupport */; };
		A81FA359287A5C7B002F7EAE /* FirebaseAppCheck in Frameworks */ = {isa = PBXBuildFile; productRef = A81FA358287A5C7B002F7EAE /* FirebaseAppCheck */; };
		A81FA35B287A5C7B002F7EAE /* FirebaseAppDistribution-Beta in Frameworks */ = {isa = PBXBuildFile; productRef = A81FA35A287A5C7B002F7EAE /* FirebaseAppDistribution-Beta */; };
		A81FA35D287A5C7B002F7EAE /* FirebaseAuth in Frameworks */ = {isa = PBXBuildFile; productRef = A81FA35C287A5C7B002F7EAE /* FirebaseAuth */; };
		A81FA35F287A5C7B002F7EAE /* FirebaseAuthCombine-Community in Frameworks */ = {isa = PBXBuildFile; productRef = A81FA35E287A5C7B002F7EAE /* FirebaseAuthCombine-Community */; };
		A81FA361287A5C7B002F7EAE /* FirebaseCrashlytics in Frameworks */ = {isa = PBXBuildFile; productRef = A81FA360287A5C7B002F7EAE /* FirebaseCrashlytics */; };
		A81FA363287A5C7B002F7EAE /* FirebaseDatabase in Frameworks */ = {isa = PBXBuildFile; productRef = A81FA362287A5C7B002F7EAE /* FirebaseDatabase */; };
		A81FA365287A5C7B002F7EAE /* FirebaseDatabaseSwift in Frameworks */ = {isa = PBXBuildFile; productRef = A81FA364287A5C7B002F7EAE /* FirebaseDatabaseSwift */; };
		A81FA367287A5C7B002F7EAE /* FirebaseDynamicLinks in Frameworks */ = {isa = PBXBuildFile; productRef = A81FA366287A5C7B002F7EAE /* FirebaseDynamicLinks */; };
		A81FA369287A5C7B002F7EAE /* FirebaseFirestore in Frameworks */ = {isa = PBXBuildFile; productRef = A81FA368287A5C7B002F7EAE /* FirebaseFirestore */; };
		A81FA36B287A5C7B002F7EAE /* FirebaseFirestoreCombine-Community in Frameworks */ = {isa = PBXBuildFile; productRef = A81FA36A287A5C7B002F7EAE /* FirebaseFirestoreCombine-Community */; };
		A81FA36D287A5C7B002F7EAE /* FirebaseFirestoreSwift in Frameworks */ = {isa = PBXBuildFile; productRef = A81FA36C287A5C7B002F7EAE /* FirebaseFirestoreSwift */; };
		A81FA36F287A5C7B002F7EAE /* FirebaseFunctions in Frameworks */ = {isa = PBXBuildFile; productRef = A81FA36E287A5C7B002F7EAE /* FirebaseFunctions */; };
		A81FA371287A5C7B002F7EAE /* FirebaseFunctionsCombine-Community in Frameworks */ = {isa = PBXBuildFile; productRef = A81FA370287A5C7B002F7EAE /* FirebaseFunctionsCombine-Community */; };
		A81FA373287A5C7B002F7EAE /* FirebaseInAppMessaging-Beta in Frameworks */ = {isa = PBXBuildFile; productRef = A81FA372287A5C7B002F7EAE /* FirebaseInAppMessaging-Beta */; };
		A81FA375287A5C7B002F7EAE /* FirebaseInAppMessagingSwift-Beta in Frameworks */ = {isa = PBXBuildFile; productRef = A81FA374287A5C7B002F7EAE /* FirebaseInAppMessagingSwift-Beta */; };
		A81FA377287A5C7B002F7EAE /* FirebaseInstallations in Frameworks */ = {isa = PBXBuildFile; productRef = A81FA376287A5C7B002F7EAE /* FirebaseInstallations */; };
		A81FA379287A5C7B002F7EAE /* FirebaseMLModelDownloader in Frameworks */ = {isa = PBXBuildFile; productRef = A81FA378287A5C7B002F7EAE /* FirebaseMLModelDownloader */; };
		A81FA37B287A5C7B002F7EAE /* FirebaseMessaging in Frameworks */ = {isa = PBXBuildFile; productRef = A81FA37A287A5C7B002F7EAE /* FirebaseMessaging */; };
		A81FA37D287A5C7B002F7EAE /* FirebasePerformance in Frameworks */ = {isa = PBXBuildFile; productRef = A81FA37C287A5C7B002F7EAE /* FirebasePerformance */; };
		A81FA37F287A5C7B002F7EAE /* FirebaseRemoteConfig in Frameworks */ = {isa = PBXBuildFile; productRef = A81FA37E287A5C7B002F7EAE /* FirebaseRemoteConfig */; };
		A81FA381287A5C7B002F7EAE /* FirebaseRemoteConfigSwift in Frameworks */ = {isa = PBXBuildFile; productRef = A81FA380287A5C7B002F7EAE /* FirebaseRemoteConfigSwift */; };
		A81FA383287A5C7B002F7EAE /* FirebaseStorage in Frameworks */ = {isa = PBXBuildFile; productRef = A81FA382287A5C7B002F7EAE /* FirebaseStorage */; };
		A81FA385287A5C7B002F7EAE /* FirebaseStorageCombine-Community in Frameworks */ = {isa = PBXBuildFile; productRef = A81FA384287A5C7B002F7EAE /* FirebaseStorageCombine-Community */; };
		A8368EB427E549A4003410AC /* NewsCard.swift in Sources */ = {isa = PBXBuildFile; fileRef = A8368EB327E549A4003410AC /* NewsCard.swift */; };
		A8368EB627E561F2003410AC /* BrowseViewModel.swift in Sources */ = {isa = PBXBuildFile; fileRef = A8368EB527E561F2003410AC /* BrowseViewModel.swift */; };
		A84396B02861796D00156DB3 /* GoogleService-Info.plist in Resources */ = {isa = PBXBuildFile; fileRef = A84396AF2861796D00156DB3 /* GoogleService-Info.plist */; };
		A84396B6286184C000156DB3 /* ProfileLoginView.swift in Sources */ = {isa = PBXBuildFile; fileRef = A84396B5286184C000156DB3 /* ProfileLoginView.swift */; };
		A84B69C7285632EA004509B5 /* Wireframe.swift in Sources */ = {isa = PBXBuildFile; fileRef = A84B69C6285632EA004509B5 /* Wireframe.swift */; };
		A84B69CA28563725004509B5 /* ColorExtensions.swift in Sources */ = {isa = PBXBuildFile; fileRef = A84B69C928563725004509B5 /* ColorExtensions.swift */; };
		A84B69CD2856D53B004509B5 /* FavoritesViewModel.swift in Sources */ = {isa = PBXBuildFile; fileRef = A84B69CC2856D53B004509B5 /* FavoritesViewModel.swift */; };
		A84B69CF2856D549004509B5 /* FavoritesView.swift in Sources */ = {isa = PBXBuildFile; fileRef = A84B69CE2856D549004509B5 /* FavoritesView.swift */; };
		A84B69D32856DD52004509B5 /* SearchView.swift in Sources */ = {isa = PBXBuildFile; fileRef = A84B69D22856DD52004509B5 /* SearchView.swift */; };
		A84B69D52856DD5F004509B5 /* SearchViewModel.swift in Sources */ = {isa = PBXBuildFile; fileRef = A84B69D42856DD5F004509B5 /* SearchViewModel.swift */; };
		A84B69D82856DDF2004509B5 /* CartViewModel.swift in Sources */ = {isa = PBXBuildFile; fileRef = A84B69D72856DDF2004509B5 /* CartViewModel.swift */; };
		A84B69DA2856DE02004509B5 /* CartView.swift in Sources */ = {isa = PBXBuildFile; fileRef = A84B69D92856DE02004509B5 /* CartView.swift */; };
		A84B69DD2856DEE4004509B5 /* ProfileView.swift in Sources */ = {isa = PBXBuildFile; fileRef = A84B69DC2856DEE4004509B5 /* ProfileView.swift */; };
		A84B69DF2856DEF2004509B5 /* ProfileViewModel.swift in Sources */ = {isa = PBXBuildFile; fileRef = A84B69DE2856DEF2004509B5 /* ProfileViewModel.swift */; };
		A84B69E22857BAAD004509B5 /* ViewModifiers.swift in Sources */ = {isa = PBXBuildFile; fileRef = A84B69E12857BAAD004509B5 /* ViewModifiers.swift */; };
		A86901DC286D5FEA005D8F78 /* DummyConstants.swift in Sources */ = {isa = PBXBuildFile; fileRef = A86901DB286D5FEA005D8F78 /* DummyConstants.swift */; };
		A871E73827EEB35700B04158 /* DetailShowView.swift in Sources */ = {isa = PBXBuildFile; fileRef = A871E73727EEB35700B04158 /* DetailShowView.swift */; };
		A87DF67E27E632ED00389A84 /* ListItem.swift in Sources */ = {isa = PBXBuildFile; fileRef = A87DF67D27E632ED00389A84 /* ListItem.swift */; };
		A87DF68027E6564E00389A84 /* CartItemView.swift in Sources */ = {isa = PBXBuildFile; fileRef = A87DF67F27E6564E00389A84 /* CartItemView.swift */; };
		A8C32E1E284EF95400673544 /* DetailViewModel.swift in Sources */ = {isa = PBXBuildFile; fileRef = A8C32E1D284EF95400673544 /* DetailViewModel.swift */; };
		A8C32E23284F058300673544 /* BrowseModel.swift in Sources */ = {isa = PBXBuildFile; fileRef = A8C32E22284F058300673544 /* BrowseModel.swift */; };
		A8D50C7F27DC1A7B0059D337 /* KicksCartelAppApp.swift in Sources */ = {isa = PBXBuildFile; fileRef = A8D50C7E27DC1A7B0059D337 /* KicksCartelAppApp.swift */; };
		A8D50C8127DC1A7B0059D337 /* BrowseView.swift in Sources */ = {isa = PBXBuildFile; fileRef = A8D50C8027DC1A7B0059D337 /* BrowseView.swift */; };
		A8D50C8327DC1A7C0059D337 /* Assets.xcassets in Resources */ = {isa = PBXBuildFile; fileRef = A8D50C8227DC1A7C0059D337 /* Assets.xcassets */; };
		A8D50C8627DC1A7C0059D337 /* Preview Assets.xcassets in Resources */ = {isa = PBXBuildFile; fileRef = A8D50C8527DC1A7C0059D337 /* Preview Assets.xcassets */; };
		A8D50C9027DC1A7C0059D337 /* KicksCartelAppTests.swift in Sources */ = {isa = PBXBuildFile; fileRef = A8D50C8F27DC1A7C0059D337 /* KicksCartelAppTests.swift */; };
		A8D50C9A27DC1A7C0059D337 /* KicksCartelAppUITests.swift in Sources */ = {isa = PBXBuildFile; fileRef = A8D50C9927DC1A7C0059D337 /* KicksCartelAppUITests.swift */; };
		A8D50C9C27DC1A7C0059D337 /* KicksCartelAppUITestsLaunchTests.swift in Sources */ = {isa = PBXBuildFile; fileRef = A8D50C9B27DC1A7C0059D337 /* KicksCartelAppUITestsLaunchTests.swift */; };
		A8D50CA927DC1B460059D337 /* SizesSlideUpModal.swift in Sources */ = {isa = PBXBuildFile; fileRef = A8D50CA827DC1B460059D337 /* SizesSlideUpModal.swift */; };
		A8D50CAB27DC2B370059D337 /* SizeCell.swift in Sources */ = {isa = PBXBuildFile; fileRef = A8D50CAA27DC2B370059D337 /* SizeCell.swift */; };
		A8DB8C9E28600B9D001CC0E5 /* ProfileRow.swift in Sources */ = {isa = PBXBuildFile; fileRef = A8DB8C9D28600B9D001CC0E5 /* ProfileRow.swift */; };
		A8DE7E7D2842791C008CB624 /* LaunchScreen.swift in Sources */ = {isa = PBXBuildFile; fileRef = A8DE7E7C2842791C008CB624 /* LaunchScreen.swift */; };
/* End PBXBuildFile section */

/* Begin PBXContainerItemProxy section */
		A8D50C8C27DC1A7C0059D337 /* PBXContainerItemProxy */ = {
			isa = PBXContainerItemProxy;
			containerPortal = A8D50C7327DC1A7B0059D337 /* Project object */;
			proxyType = 1;
			remoteGlobalIDString = A8D50C7A27DC1A7B0059D337;
			remoteInfo = KicksCartelApp;
		};
		A8D50C9627DC1A7C0059D337 /* PBXContainerItemProxy */ = {
			isa = PBXContainerItemProxy;
			containerPortal = A8D50C7327DC1A7B0059D337 /* Project object */;
			proxyType = 1;
			remoteGlobalIDString = A8D50C7A27DC1A7B0059D337;
			remoteInfo = KicksCartelApp;
		};
/* End PBXContainerItemProxy section */

/* Begin PBXFileReference section */
		A81FA34D287A595B002F7EAE /* RealTimeManager.swift */ = {isa = PBXFileReference; lastKnownFileType = sourcecode.swift; path = RealTimeManager.swift; sourceTree = "<group>"; };
		A8368EB327E549A4003410AC /* NewsCard.swift */ = {isa = PBXFileReference; lastKnownFileType = sourcecode.swift; path = NewsCard.swift; sourceTree = "<group>"; };
		A8368EB527E561F2003410AC /* BrowseViewModel.swift */ = {isa = PBXFileReference; lastKnownFileType = sourcecode.swift; path = BrowseViewModel.swift; sourceTree = "<group>"; };
		A84396AF2861796D00156DB3 /* GoogleService-Info.plist */ = {isa = PBXFileReference; fileEncoding = 4; lastKnownFileType = text.plist.xml; path = "GoogleService-Info.plist"; sourceTree = "<group>"; };
		A84396B5286184C000156DB3 /* ProfileLoginView.swift */ = {isa = PBXFileReference; lastKnownFileType = sourcecode.swift; path = ProfileLoginView.swift; sourceTree = "<group>"; };
		A84B69C6285632EA004509B5 /* Wireframe.swift */ = {isa = PBXFileReference; lastKnownFileType = sourcecode.swift; path = Wireframe.swift; sourceTree = "<group>"; };
		A84B69C928563725004509B5 /* ColorExtensions.swift */ = {isa = PBXFileReference; lastKnownFileType = sourcecode.swift; path = ColorExtensions.swift; sourceTree = "<group>"; };
		A84B69CC2856D53B004509B5 /* FavoritesViewModel.swift */ = {isa = PBXFileReference; lastKnownFileType = sourcecode.swift; path = FavoritesViewModel.swift; sourceTree = "<group>"; };
		A84B69CE2856D549004509B5 /* FavoritesView.swift */ = {isa = PBXFileReference; lastKnownFileType = sourcecode.swift; path = FavoritesView.swift; sourceTree = "<group>"; };
		A84B69D22856DD52004509B5 /* SearchView.swift */ = {isa = PBXFileReference; lastKnownFileType = sourcecode.swift; path = SearchView.swift; sourceTree = "<group>"; };
		A84B69D42856DD5F004509B5 /* SearchViewModel.swift */ = {isa = PBXFileReference; lastKnownFileType = sourcecode.swift; path = SearchViewModel.swift; sourceTree = "<group>"; };
		A84B69D72856DDF2004509B5 /* CartViewModel.swift */ = {isa = PBXFileReference; lastKnownFileType = sourcecode.swift; path = CartViewModel.swift; sourceTree = "<group>"; };
		A84B69D92856DE02004509B5 /* CartView.swift */ = {isa = PBXFileReference; lastKnownFileType = sourcecode.swift; path = CartView.swift; sourceTree = "<group>"; };
		A84B69DC2856DEE4004509B5 /* ProfileView.swift */ = {isa = PBXFileReference; lastKnownFileType = sourcecode.swift; path = ProfileView.swift; sourceTree = "<group>"; };
		A84B69DE2856DEF2004509B5 /* ProfileViewModel.swift */ = {isa = PBXFileReference; lastKnownFileType = sourcecode.swift; path = ProfileViewModel.swift; sourceTree = "<group>"; };
		A84B69E12857BAAD004509B5 /* ViewModifiers.swift */ = {isa = PBXFileReference; lastKnownFileType = sourcecode.swift; path = ViewModifiers.swift; sourceTree = "<group>"; };
		A86901DB286D5FEA005D8F78 /* DummyConstants.swift */ = {isa = PBXFileReference; lastKnownFileType = sourcecode.swift; path = DummyConstants.swift; sourceTree = "<group>"; };
		A871E73727EEB35700B04158 /* DetailShowView.swift */ = {isa = PBXFileReference; lastKnownFileType = sourcecode.swift; name = DetailShowView.swift; path = KicksCartelApp/ItemDetail/DetailShowView.swift; sourceTree = SOURCE_ROOT; };
		A87DF67D27E632ED00389A84 /* ListItem.swift */ = {isa = PBXFileReference; lastKnownFileType = sourcecode.swift; path = ListItem.swift; sourceTree = "<group>"; };
		A87DF67F27E6564E00389A84 /* CartItemView.swift */ = {isa = PBXFileReference; lastKnownFileType = sourcecode.swift; path = CartItemView.swift; sourceTree = "<group>"; };
		A8C32E1D284EF95400673544 /* DetailViewModel.swift */ = {isa = PBXFileReference; lastKnownFileType = sourcecode.swift; path = DetailViewModel.swift; sourceTree = "<group>"; };
		A8C32E22284F058300673544 /* BrowseModel.swift */ = {isa = PBXFileReference; lastKnownFileType = sourcecode.swift; path = BrowseModel.swift; sourceTree = "<group>"; };
		A8D50C7B27DC1A7B0059D337 /* KicksCartelApp.app */ = {isa = PBXFileReference; explicitFileType = wrapper.application; includeInIndex = 0; path = KicksCartelApp.app; sourceTree = BUILT_PRODUCTS_DIR; };
		A8D50C7E27DC1A7B0059D337 /* KicksCartelAppApp.swift */ = {isa = PBXFileReference; lastKnownFileType = sourcecode.swift; path = KicksCartelAppApp.swift; sourceTree = "<group>"; };
		A8D50C8027DC1A7B0059D337 /* BrowseView.swift */ = {isa = PBXFileReference; lastKnownFileType = sourcecode.swift; path = BrowseView.swift; sourceTree = "<group>"; };
		A8D50C8227DC1A7C0059D337 /* Assets.xcassets */ = {isa = PBXFileReference; lastKnownFileType = folder.assetcatalog; path = Assets.xcassets; sourceTree = "<group>"; };
		A8D50C8527DC1A7C0059D337 /* Preview Assets.xcassets */ = {isa = PBXFileReference; lastKnownFileType = folder.assetcatalog; path = "Preview Assets.xcassets"; sourceTree = "<group>"; };
		A8D50C8B27DC1A7C0059D337 /* KicksCartelAppTests.xctest */ = {isa = PBXFileReference; explicitFileType = wrapper.cfbundle; includeInIndex = 0; path = KicksCartelAppTests.xctest; sourceTree = BUILT_PRODUCTS_DIR; };
		A8D50C8F27DC1A7C0059D337 /* KicksCartelAppTests.swift */ = {isa = PBXFileReference; lastKnownFileType = sourcecode.swift; path = KicksCartelAppTests.swift; sourceTree = "<group>"; };
		A8D50C9527DC1A7C0059D337 /* KicksCartelAppUITests.xctest */ = {isa = PBXFileReference; explicitFileType = wrapper.cfbundle; includeInIndex = 0; path = KicksCartelAppUITests.xctest; sourceTree = BUILT_PRODUCTS_DIR; };
		A8D50C9927DC1A7C0059D337 /* KicksCartelAppUITests.swift */ = {isa = PBXFileReference; lastKnownFileType = sourcecode.swift; path = KicksCartelAppUITests.swift; sourceTree = "<group>"; };
		A8D50C9B27DC1A7C0059D337 /* KicksCartelAppUITestsLaunchTests.swift */ = {isa = PBXFileReference; lastKnownFileType = sourcecode.swift; path = KicksCartelAppUITestsLaunchTests.swift; sourceTree = "<group>"; };
		A8D50CA827DC1B460059D337 /* SizesSlideUpModal.swift */ = {isa = PBXFileReference; lastKnownFileType = sourcecode.swift; path = SizesSlideUpModal.swift; sourceTree = "<group>"; };
		A8D50CAA27DC2B370059D337 /* SizeCell.swift */ = {isa = PBXFileReference; lastKnownFileType = sourcecode.swift; path = SizeCell.swift; sourceTree = "<group>"; };
		A8DB8C9D28600B9D001CC0E5 /* ProfileRow.swift */ = {isa = PBXFileReference; lastKnownFileType = sourcecode.swift; path = ProfileRow.swift; sourceTree = "<group>"; };
		A8DE7E7C2842791C008CB624 /* LaunchScreen.swift */ = {isa = PBXFileReference; lastKnownFileType = sourcecode.swift; path = LaunchScreen.swift; sourceTree = "<group>"; };
		A8DE7E7E2845C79E008CB624 /* Info.plist */ = {isa = PBXFileReference; lastKnownFileType = text.plist; path = Info.plist; sourceTree = "<group>"; };
/* End PBXFileReference section */

/* Begin PBXFrameworksBuildPhase section */
		A8D50C7827DC1A7B0059D337 /* Frameworks */ = {
			isa = PBXFrameworksBuildPhase;
			buildActionMask = 2147483647;
			files = (
				A81FA363287A5C7B002F7EAE /* FirebaseDatabase in Frameworks */,
				A81FA371287A5C7B002F7EAE /* FirebaseFunctionsCombine-Community in Frameworks */,
				A81FA369287A5C7B002F7EAE /* FirebaseFirestore in Frameworks */,
				A81FA355287A5C7B002F7EAE /* FirebaseAnalyticsSwift in Frameworks */,
				A81FA351287A5C7B002F7EAE /* FirebaseAnalytics in Frameworks */,
				A81FA353287A5C7B002F7EAE /* FirebaseAnalyticsOnDeviceConversion in Frameworks */,
				A81FA379287A5C7B002F7EAE /* FirebaseMLModelDownloader in Frameworks */,
				A81FA36D287A5C7B002F7EAE /* FirebaseFirestoreSwift in Frameworks */,
				A81FA359287A5C7B002F7EAE /* FirebaseAppCheck in Frameworks */,
				A81FA357287A5C7B002F7EAE /* FirebaseAnalyticsWithoutAdIdSupport in Frameworks */,
				A81FA35D287A5C7B002F7EAE /* FirebaseAuth in Frameworks */,
				A81FA361287A5C7B002F7EAE /* FirebaseCrashlytics in Frameworks */,
				A81FA381287A5C7B002F7EAE /* FirebaseRemoteConfigSwift in Frameworks */,
				A81FA373287A5C7B002F7EAE /* FirebaseInAppMessaging-Beta in Frameworks */,
				A81FA365287A5C7B002F7EAE /* FirebaseDatabaseSwift in Frameworks */,
				A81FA36F287A5C7B002F7EAE /* FirebaseFunctions in Frameworks */,
				A81FA385287A5C7B002F7EAE /* FirebaseStorageCombine-Community in Frameworks */,
				A81FA37F287A5C7B002F7EAE /* FirebaseRemoteConfig in Frameworks */,
				A81FA35B287A5C7B002F7EAE /* FirebaseAppDistribution-Beta in Frameworks */,
				A81FA35F287A5C7B002F7EAE /* FirebaseAuthCombine-Community in Frameworks */,
				A81FA37D287A5C7B002F7EAE /* FirebasePerformance in Frameworks */,
				A81FA375287A5C7B002F7EAE /* FirebaseInAppMessagingSwift-Beta in Frameworks */,
				A81FA383287A5C7B002F7EAE /* FirebaseStorage in Frameworks */,
				A81FA367287A5C7B002F7EAE /* FirebaseDynamicLinks in Frameworks */,
				A81FA36B287A5C7B002F7EAE /* FirebaseFirestoreCombine-Community in Frameworks */,
				A81FA37B287A5C7B002F7EAE /* FirebaseMessaging in Frameworks */,
				A81FA377287A5C7B002F7EAE /* FirebaseInstallations in Frameworks */,
			);
			runOnlyForDeploymentPostprocessing = 0;
		};
		A8D50C8827DC1A7C0059D337 /* Frameworks */ = {
			isa = PBXFrameworksBuildPhase;
			buildActionMask = 2147483647;
			files = (
			);
			runOnlyForDeploymentPostprocessing = 0;
		};
		A8D50C9227DC1A7C0059D337 /* Frameworks */ = {
			isa = PBXFrameworksBuildPhase;
			buildActionMask = 2147483647;
			files = (
			);
			runOnlyForDeploymentPostprocessing = 0;
		};
/* End PBXFrameworksBuildPhase section */

/* Begin PBXGroup section */
		A8368EB727E561F6003410AC /* Browse */ = {
			isa = PBXGroup;
			children = (
				A8D50C8027DC1A7B0059D337 /* BrowseView.swift */,
				A8368EB527E561F2003410AC /* BrowseViewModel.swift */,
			);
			path = Browse;
			sourceTree = "<group>";
		};
		A84396B228617A7400156DB3 /* Frameworks */ = {
			isa = PBXGroup;
			children = (
			);
			name = Frameworks;
			sourceTree = "<group>";
		};
		A84B69C8285632EE004509B5 /* Wireframe */ = {
			isa = PBXGroup;
			children = (
				A84B69C6285632EA004509B5 /* Wireframe.swift */,
			);
			path = Wireframe;
			sourceTree = "<group>";
		};
		A84B69CB2856372A004509B5 /* Helpers */ = {
			isa = PBXGroup;
			children = (
				A84B69C928563725004509B5 /* ColorExtensions.swift */,
				A84B69E12857BAAD004509B5 /* ViewModifiers.swift */,
			);
			path = Helpers;
			sourceTree = "<group>";
		};
		A84B69D02856D54D004509B5 /* Favorites */ = {
			isa = PBXGroup;
			children = (
				A84B69CC2856D53B004509B5 /* FavoritesViewModel.swift */,
				A84B69CE2856D549004509B5 /* FavoritesView.swift */,
			);
			path = Favorites;
			sourceTree = "<group>";
		};
		A84B69D12856DD31004509B5 /* Auxiliary Views */ = {
			isa = PBXGroup;
			children = (
				A8D50CA827DC1B460059D337 /* SizesSlideUpModal.swift */,
				A8368EB327E549A4003410AC /* NewsCard.swift */,
				A87DF67F27E6564E00389A84 /* CartItemView.swift */,
				A87DF67D27E632ED00389A84 /* ListItem.swift */,
				A8D50CAA27DC2B370059D337 /* SizeCell.swift */,
				A8DB8C9D28600B9D001CC0E5 /* ProfileRow.swift */,
				A84396B5286184C000156DB3 /* ProfileLoginView.swift */,
			);
			path = "Auxiliary Views";
			sourceTree = "<group>";
		};
		A84B69D62856DD63004509B5 /* Search */ = {
			isa = PBXGroup;
			children = (
				A84B69D22856DD52004509B5 /* SearchView.swift */,
				A84B69D42856DD5F004509B5 /* SearchViewModel.swift */,
			);
			path = Search;
			sourceTree = "<group>";
		};
		A84B69DB2856DE06004509B5 /* Cart */ = {
			isa = PBXGroup;
			children = (
				A84B69D72856DDF2004509B5 /* CartViewModel.swift */,
				A84B69D92856DE02004509B5 /* CartView.swift */,
			);
			path = Cart;
			sourceTree = "<group>";
		};
		A84B69E02856DEF9004509B5 /* Profile */ = {
			isa = PBXGroup;
			children = (
				A84B69DC2856DEE4004509B5 /* ProfileView.swift */,
				A84B69DE2856DEF2004509B5 /* ProfileViewModel.swift */,
			);
			path = Profile;
			sourceTree = "<group>";
		};
		A8C32E21284EF97900673544 /* ItemDetail */ = {
			isa = PBXGroup;
			children = (
				A871E73727EEB35700B04158 /* DetailShowView.swift */,
				A8C32E1D284EF95400673544 /* DetailViewModel.swift */,
			);
			path = ItemDetail;
			sourceTree = "<group>";
		};
		A8C32E24284F058900673544 /* Models */ = {
			isa = PBXGroup;
			children = (
				A8C32E22284F058300673544 /* BrowseModel.swift */,
			);
			path = Models;
			sourceTree = "<group>";
		};
		A8D50C7227DC1A7B0059D337 = {
			isa = PBXGroup;
			children = (
				A8D50C7D27DC1A7B0059D337 /* KicksCartelApp */,
				A8D50C8E27DC1A7C0059D337 /* KicksCartelAppTests */,
				A8D50C9827DC1A7C0059D337 /* KicksCartelAppUITests */,
				A8D50C7C27DC1A7B0059D337 /* Products */,
				A84396B228617A7400156DB3 /* Frameworks */,
			);
			sourceTree = "<group>";
		};
		A8D50C7C27DC1A7B0059D337 /* Products */ = {
			isa = PBXGroup;
			children = (
				A8D50C7B27DC1A7B0059D337 /* KicksCartelApp.app */,
				A8D50C8B27DC1A7C0059D337 /* KicksCartelAppTests.xctest */,
				A8D50C9527DC1A7C0059D337 /* KicksCartelAppUITests.xctest */,
			);
			name = Products;
			sourceTree = "<group>";
		};
		A8D50C7D27DC1A7B0059D337 /* KicksCartelApp */ = {
			isa = PBXGroup;
			children = (
				A84396AF2861796D00156DB3 /* GoogleService-Info.plist */,
				A8DE7E7E2845C79E008CB624 /* Info.plist */,
				A8D50C7E27DC1A7B0059D337 /* KicksCartelAppApp.swift */,
				A81FA34D287A595B002F7EAE /* RealTimeManager.swift */,
				A8DE7E7C2842791C008CB624 /* LaunchScreen.swift */,
				A86901DB286D5FEA005D8F78 /* DummyConstants.swift */,
				A84B69C8285632EE004509B5 /* Wireframe */,
				A84B69D12856DD31004509B5 /* Auxiliary Views */,
				A84B69CB2856372A004509B5 /* Helpers */,
				A8C32E24284F058900673544 /* Models */,
				A84B69D02856D54D004509B5 /* Favorites */,
				A8368EB727E561F6003410AC /* Browse */,
				A84B69DB2856DE06004509B5 /* Cart */,
				A84B69D62856DD63004509B5 /* Search */,
				A84B69E02856DEF9004509B5 /* Profile */,
				A8C32E21284EF97900673544 /* ItemDetail */,
				A8D50C8227DC1A7C0059D337 /* Assets.xcassets */,
				A8D50C8427DC1A7C0059D337 /* Preview Content */,
			);
			path = KicksCartelApp;
			sourceTree = "<group>";
		};
		A8D50C8427DC1A7C0059D337 /* Preview Content */ = {
			isa = PBXGroup;
			children = (
				A8D50C8527DC1A7C0059D337 /* Preview Assets.xcassets */,
			);
			path = "Preview Content";
			sourceTree = "<group>";
		};
		A8D50C8E27DC1A7C0059D337 /* KicksCartelAppTests */ = {
			isa = PBXGroup;
			children = (
				A8D50C8F27DC1A7C0059D337 /* KicksCartelAppTests.swift */,
			);
			path = KicksCartelAppTests;
			sourceTree = "<group>";
		};
		A8D50C9827DC1A7C0059D337 /* KicksCartelAppUITests */ = {
			isa = PBXGroup;
			children = (
				A8D50C9927DC1A7C0059D337 /* KicksCartelAppUITests.swift */,
				A8D50C9B27DC1A7C0059D337 /* KicksCartelAppUITestsLaunchTests.swift */,
			);
			path = KicksCartelAppUITests;
			sourceTree = "<group>";
		};
/* End PBXGroup section */

/* Begin PBXNativeTarget section */
		A8D50C7A27DC1A7B0059D337 /* KicksCartelApp */ = {
			isa = PBXNativeTarget;
			buildConfigurationList = A8D50C9F27DC1A7C0059D337 /* Build configuration list for PBXNativeTarget "KicksCartelApp" */;
			buildPhases = (
				A8D50C7727DC1A7B0059D337 /* Sources */,
				A8D50C7827DC1A7B0059D337 /* Frameworks */,
				A8D50C7927DC1A7B0059D337 /* Resources */,
			);
			buildRules = (
			);
			dependencies = (
			);
			name = KicksCartelApp;
			packageProductDependencies = (
				A81FA350287A5C7B002F7EAE /* FirebaseAnalytics */,
				A81FA352287A5C7B002F7EAE /* FirebaseAnalyticsOnDeviceConversion */,
				A81FA354287A5C7B002F7EAE /* FirebaseAnalyticsSwift */,
				A81FA356287A5C7B002F7EAE /* FirebaseAnalyticsWithoutAdIdSupport */,
				A81FA358287A5C7B002F7EAE /* FirebaseAppCheck */,
				A81FA35A287A5C7B002F7EAE /* FirebaseAppDistribution-Beta */,
				A81FA35C287A5C7B002F7EAE /* FirebaseAuth */,
				A81FA35E287A5C7B002F7EAE /* FirebaseAuthCombine-Community */,
				A81FA360287A5C7B002F7EAE /* FirebaseCrashlytics */,
				A81FA362287A5C7B002F7EAE /* FirebaseDatabase */,
				A81FA364287A5C7B002F7EAE /* FirebaseDatabaseSwift */,
				A81FA366287A5C7B002F7EAE /* FirebaseDynamicLinks */,
				A81FA368287A5C7B002F7EAE /* FirebaseFirestore */,
				A81FA36A287A5C7B002F7EAE /* FirebaseFirestoreCombine-Community */,
				A81FA36C287A5C7B002F7EAE /* FirebaseFirestoreSwift */,
				A81FA36E287A5C7B002F7EAE /* FirebaseFunctions */,
				A81FA370287A5C7B002F7EAE /* FirebaseFunctionsCombine-Community */,
				A81FA372287A5C7B002F7EAE /* FirebaseInAppMessaging-Beta */,
				A81FA374287A5C7B002F7EAE /* FirebaseInAppMessagingSwift-Beta */,
				A81FA376287A5C7B002F7EAE /* FirebaseInstallations */,
				A81FA378287A5C7B002F7EAE /* FirebaseMLModelDownloader */,
				A81FA37A287A5C7B002F7EAE /* FirebaseMessaging */,
				A81FA37C287A5C7B002F7EAE /* FirebasePerformance */,
				A81FA37E287A5C7B002F7EAE /* FirebaseRemoteConfig */,
				A81FA380287A5C7B002F7EAE /* FirebaseRemoteConfigSwift */,
				A81FA382287A5C7B002F7EAE /* FirebaseStorage */,
				A81FA384287A5C7B002F7EAE /* FirebaseStorageCombine-Community */,
			);
			productName = KicksCartelApp;
			productReference = A8D50C7B27DC1A7B0059D337 /* KicksCartelApp.app */;
			productType = "com.apple.product-type.application";
		};
		A8D50C8A27DC1A7C0059D337 /* KicksCartelAppTests */ = {
			isa = PBXNativeTarget;
			buildConfigurationList = A8D50CA227DC1A7C0059D337 /* Build configuration list for PBXNativeTarget "KicksCartelAppTests" */;
			buildPhases = (
				A8D50C8727DC1A7C0059D337 /* Sources */,
				A8D50C8827DC1A7C0059D337 /* Frameworks */,
				A8D50C8927DC1A7C0059D337 /* Resources */,
			);
			buildRules = (
			);
			dependencies = (
				A8D50C8D27DC1A7C0059D337 /* PBXTargetDependency */,
			);
			name = KicksCartelAppTests;
			productName = KicksCartelAppTests;
			productReference = A8D50C8B27DC1A7C0059D337 /* KicksCartelAppTests.xctest */;
			productType = "com.apple.product-type.bundle.unit-test";
		};
		A8D50C9427DC1A7C0059D337 /* KicksCartelAppUITests */ = {
			isa = PBXNativeTarget;
			buildConfigurationList = A8D50CA527DC1A7C0059D337 /* Build configuration list for PBXNativeTarget "KicksCartelAppUITests" */;
			buildPhases = (
				A8D50C9127DC1A7C0059D337 /* Sources */,
				A8D50C9227DC1A7C0059D337 /* Frameworks */,
				A8D50C9327DC1A7C0059D337 /* Resources */,
			);
			buildRules = (
			);
			dependencies = (
				A8D50C9727DC1A7C0059D337 /* PBXTargetDependency */,
			);
			name = KicksCartelAppUITests;
			productName = KicksCartelAppUITests;
			productReference = A8D50C9527DC1A7C0059D337 /* KicksCartelAppUITests.xctest */;
			productType = "com.apple.product-type.bundle.ui-testing";
		};
/* End PBXNativeTarget section */

/* Begin PBXProject section */
		A8D50C7327DC1A7B0059D337 /* Project object */ = {
			isa = PBXProject;
			attributes = {
				BuildIndependentTargetsInParallel = 1;
				LastSwiftUpdateCheck = 1320;
				LastUpgradeCheck = 1320;
				TargetAttributes = {
					A8D50C7A27DC1A7B0059D337 = {
						CreatedOnToolsVersion = 13.2.1;
					};
					A8D50C8A27DC1A7C0059D337 = {
						CreatedOnToolsVersion = 13.2.1;
						TestTargetID = A8D50C7A27DC1A7B0059D337;
					};
					A8D50C9427DC1A7C0059D337 = {
						CreatedOnToolsVersion = 13.2.1;
						TestTargetID = A8D50C7A27DC1A7B0059D337;
					};
				};
			};
			buildConfigurationList = A8D50C7627DC1A7B0059D337 /* Build configuration list for PBXProject "KicksCartelApp" */;
			compatibilityVersion = "Xcode 13.0";
			developmentRegion = en;
			hasScannedForEncodings = 0;
			knownRegions = (
				en,
				Base,
			);
			mainGroup = A8D50C7227DC1A7B0059D337;
			packageReferences = (
				A81FA34F287A5C7B002F7EAE /* XCRemoteSwiftPackageReference "firebase-ios-sdk" */,
			);
			productRefGroup = A8D50C7C27DC1A7B0059D337 /* Products */;
			projectDirPath = "";
			projectRoot = "";
			targets = (
				A8D50C7A27DC1A7B0059D337 /* KicksCartelApp */,
				A8D50C8A27DC1A7C0059D337 /* KicksCartelAppTests */,
				A8D50C9427DC1A7C0059D337 /* KicksCartelAppUITests */,
			);
		};
/* End PBXProject section */

/* Begin PBXResourcesBuildPhase section */
		A8D50C7927DC1A7B0059D337 /* Resources */ = {
			isa = PBXResourcesBuildPhase;
			buildActionMask = 2147483647;
			files = (
				A8D50C8627DC1A7C0059D337 /* Preview Assets.xcassets in Resources */,
				A8D50C8327DC1A7C0059D337 /* Assets.xcassets in Resources */,
				A84396B02861796D00156DB3 /* GoogleService-Info.plist in Resources */,
			);
			runOnlyForDeploymentPostprocessing = 0;
		};
		A8D50C8927DC1A7C0059D337 /* Resources */ = {
			isa = PBXResourcesBuildPhase;
			buildActionMask = 2147483647;
			files = (
			);
			runOnlyForDeploymentPostprocessing = 0;
		};
		A8D50C9327DC1A7C0059D337 /* Resources */ = {
			isa = PBXResourcesBuildPhase;
			buildActionMask = 2147483647;
			files = (
			);
			runOnlyForDeploymentPostprocessing = 0;
		};
/* End PBXResourcesBuildPhase section */

/* Begin PBXSourcesBuildPhase section */
		A8D50C7727DC1A7B0059D337 /* Sources */ = {
			isa = PBXSourcesBuildPhase;
			buildActionMask = 2147483647;
			files = (
				A8C32E1E284EF95400673544 /* DetailViewModel.swift in Sources */,
				A8D50CAB27DC2B370059D337 /* SizeCell.swift in Sources */,
				A84B69CD2856D53B004509B5 /* FavoritesViewModel.swift in Sources */,
				A84B69E22857BAAD004509B5 /* ViewModifiers.swift in Sources */,
				A87DF68027E6564E00389A84 /* CartItemView.swift in Sources */,
				A84B69D52856DD5F004509B5 /* SearchViewModel.swift in Sources */,
				A8C32E23284F058300673544 /* BrowseModel.swift in Sources */,
				A8DE7E7D2842791C008CB624 /* LaunchScreen.swift in Sources */,
				A87DF67E27E632ED00389A84 /* ListItem.swift in Sources */,
				A8D50CA927DC1B460059D337 /* SizesSlideUpModal.swift in Sources */,
				A8D50C8127DC1A7B0059D337 /* BrowseView.swift in Sources */,
				A84B69C7285632EA004509B5 /* Wireframe.swift in Sources */,
				A84B69D32856DD52004509B5 /* SearchView.swift in Sources */,
				A81FA34E287A595B002F7EAE /* RealTimeManager.swift in Sources */,
				A8D50C7F27DC1A7B0059D337 /* KicksCartelAppApp.swift in Sources */,
				A8368EB627E561F2003410AC /* BrowseViewModel.swift in Sources */,
				A84B69CA28563725004509B5 /* ColorExtensions.swift in Sources */,
				A84B69DF2856DEF2004509B5 /* ProfileViewModel.swift in Sources */,
				A84B69DA2856DE02004509B5 /* CartView.swift in Sources */,
				A84B69CF2856D549004509B5 /* FavoritesView.swift in Sources */,
				A84B69D82856DDF2004509B5 /* CartViewModel.swift in Sources */,
				A8DB8C9E28600B9D001CC0E5 /* ProfileRow.swift in Sources */,
				A86901DC286D5FEA005D8F78 /* DummyConstants.swift in Sources */,
				A84396B6286184C000156DB3 /* ProfileLoginView.swift in Sources */,
				A871E73827EEB35700B04158 /* DetailShowView.swift in Sources */,
				A84B69DD2856DEE4004509B5 /* ProfileView.swift in Sources */,
				A8368EB427E549A4003410AC /* NewsCard.swift in Sources */,
			);
			runOnlyForDeploymentPostprocessing = 0;
		};
		A8D50C8727DC1A7C0059D337 /* Sources */ = {
			isa = PBXSourcesBuildPhase;
			buildActionMask = 2147483647;
			files = (
				A8D50C9027DC1A7C0059D337 /* KicksCartelAppTests.swift in Sources */,
			);
			runOnlyForDeploymentPostprocessing = 0;
		};
		A8D50C9127DC1A7C0059D337 /* Sources */ = {
			isa = PBXSourcesBuildPhase;
			buildActionMask = 2147483647;
			files = (
				A8D50C9A27DC1A7C0059D337 /* KicksCartelAppUITests.swift in Sources */,
				A8D50C9C27DC1A7C0059D337 /* KicksCartelAppUITestsLaunchTests.swift in Sources */,
			);
			runOnlyForDeploymentPostprocessing = 0;
		};
/* End PBXSourcesBuildPhase section */

/* Begin PBXTargetDependency section */
		A8D50C8D27DC1A7C0059D337 /* PBXTargetDependency */ = {
			isa = PBXTargetDependency;
			target = A8D50C7A27DC1A7B0059D337 /* KicksCartelApp */;
			targetProxy = A8D50C8C27DC1A7C0059D337 /* PBXContainerItemProxy */;
		};
		A8D50C9727DC1A7C0059D337 /* PBXTargetDependency */ = {
			isa = PBXTargetDependency;
			target = A8D50C7A27DC1A7B0059D337 /* KicksCartelApp */;
			targetProxy = A8D50C9627DC1A7C0059D337 /* PBXContainerItemProxy */;
		};
/* End PBXTargetDependency section */

/* Begin XCBuildConfiguration section */
		A8D50C9D27DC1A7C0059D337 /* Debug */ = {
			isa = XCBuildConfiguration;
			buildSettings = {
				ALWAYS_SEARCH_USER_PATHS = NO;
				CLANG_ANALYZER_NONNULL = YES;
				CLANG_ANALYZER_NUMBER_OBJECT_CONVERSION = YES_AGGRESSIVE;
				CLANG_CXX_LANGUAGE_STANDARD = "gnu++17";
				CLANG_CXX_LIBRARY = "libc++";
				CLANG_ENABLE_MODULES = YES;
				CLANG_ENABLE_OBJC_ARC = YES;
				CLANG_ENABLE_OBJC_WEAK = YES;
				CLANG_WARN_BLOCK_CAPTURE_AUTORELEASING = YES;
				CLANG_WARN_BOOL_CONVERSION = YES;
				CLANG_WARN_COMMA = YES;
				CLANG_WARN_CONSTANT_CONVERSION = YES;
				CLANG_WARN_DEPRECATED_OBJC_IMPLEMENTATIONS = YES;
				CLANG_WARN_DIRECT_OBJC_ISA_USAGE = YES_ERROR;
				CLANG_WARN_DOCUMENTATION_COMMENTS = YES;
				CLANG_WARN_EMPTY_BODY = YES;
				CLANG_WARN_ENUM_CONVERSION = YES;
				CLANG_WARN_INFINITE_RECURSION = YES;
				CLANG_WARN_INT_CONVERSION = YES;
				CLANG_WARN_NON_LITERAL_NULL_CONVERSION = YES;
				CLANG_WARN_OBJC_IMPLICIT_RETAIN_SELF = YES;
				CLANG_WARN_OBJC_LITERAL_CONVERSION = YES;
				CLANG_WARN_OBJC_ROOT_CLASS = YES_ERROR;
				CLANG_WARN_QUOTED_INCLUDE_IN_FRAMEWORK_HEADER = YES;
				CLANG_WARN_RANGE_LOOP_ANALYSIS = YES;
				CLANG_WARN_STRICT_PROTOTYPES = YES;
				CLANG_WARN_SUSPICIOUS_MOVE = YES;
				CLANG_WARN_UNGUARDED_AVAILABILITY = YES_AGGRESSIVE;
				CLANG_WARN_UNREACHABLE_CODE = YES;
				CLANG_WARN__DUPLICATE_METHOD_MATCH = YES;
				COPY_PHASE_STRIP = NO;
				DEBUG_INFORMATION_FORMAT = dwarf;
				ENABLE_STRICT_OBJC_MSGSEND = YES;
				ENABLE_TESTABILITY = YES;
				GCC_C_LANGUAGE_STANDARD = gnu11;
				GCC_DYNAMIC_NO_PIC = NO;
				GCC_NO_COMMON_BLOCKS = YES;
				GCC_OPTIMIZATION_LEVEL = 0;
				GCC_PREPROCESSOR_DEFINITIONS = (
					"DEBUG=1",
					"$(inherited)",
				);
				GCC_WARN_64_TO_32_BIT_CONVERSION = YES;
				GCC_WARN_ABOUT_RETURN_TYPE = YES_ERROR;
				GCC_WARN_UNDECLARED_SELECTOR = YES;
				GCC_WARN_UNINITIALIZED_AUTOS = YES_AGGRESSIVE;
				GCC_WARN_UNUSED_FUNCTION = YES;
				GCC_WARN_UNUSED_VARIABLE = YES;
				IPHONEOS_DEPLOYMENT_TARGET = 15.2;
				MTL_ENABLE_DEBUG_INFO = INCLUDE_SOURCE;
				MTL_FAST_MATH = YES;
				ONLY_ACTIVE_ARCH = YES;
				SDKROOT = iphoneos;
				SWIFT_ACTIVE_COMPILATION_CONDITIONS = DEBUG;
				SWIFT_OPTIMIZATION_LEVEL = "-Onone";
			};
			name = Debug;
		};
		A8D50C9E27DC1A7C0059D337 /* Release */ = {
			isa = XCBuildConfiguration;
			buildSettings = {
				ALWAYS_SEARCH_USER_PATHS = NO;
				CLANG_ANALYZER_NONNULL = YES;
				CLANG_ANALYZER_NUMBER_OBJECT_CONVERSION = YES_AGGRESSIVE;
				CLANG_CXX_LANGUAGE_STANDARD = "gnu++17";
				CLANG_CXX_LIBRARY = "libc++";
				CLANG_ENABLE_MODULES = YES;
				CLANG_ENABLE_OBJC_ARC = YES;
				CLANG_ENABLE_OBJC_WEAK = YES;
				CLANG_WARN_BLOCK_CAPTURE_AUTORELEASING = YES;
				CLANG_WARN_BOOL_CONVERSION = YES;
				CLANG_WARN_COMMA = YES;
				CLANG_WARN_CONSTANT_CONVERSION = YES;
				CLANG_WARN_DEPRECATED_OBJC_IMPLEMENTATIONS = YES;
				CLANG_WARN_DIRECT_OBJC_ISA_USAGE = YES_ERROR;
				CLANG_WARN_DOCUMENTATION_COMMENTS = YES;
				CLANG_WARN_EMPTY_BODY = YES;
				CLANG_WARN_ENUM_CONVERSION = YES;
				CLANG_WARN_INFINITE_RECURSION = YES;
				CLANG_WARN_INT_CONVERSION = YES;
				CLANG_WARN_NON_LITERAL_NULL_CONVERSION = YES;
				CLANG_WARN_OBJC_IMPLICIT_RETAIN_SELF = YES;
				CLANG_WARN_OBJC_LITERAL_CONVERSION = YES;
				CLANG_WARN_OBJC_ROOT_CLASS = YES_ERROR;
				CLANG_WARN_QUOTED_INCLUDE_IN_FRAMEWORK_HEADER = YES;
				CLANG_WARN_RANGE_LOOP_ANALYSIS = YES;
				CLANG_WARN_STRICT_PROTOTYPES = YES;
				CLANG_WARN_SUSPICIOUS_MOVE = YES;
				CLANG_WARN_UNGUARDED_AVAILABILITY = YES_AGGRESSIVE;
				CLANG_WARN_UNREACHABLE_CODE = YES;
				CLANG_WARN__DUPLICATE_METHOD_MATCH = YES;
				COPY_PHASE_STRIP = NO;
				DEBUG_INFORMATION_FORMAT = "dwarf-with-dsym";
				ENABLE_NS_ASSERTIONS = NO;
				ENABLE_STRICT_OBJC_MSGSEND = YES;
				GCC_C_LANGUAGE_STANDARD = gnu11;
				GCC_NO_COMMON_BLOCKS = YES;
				GCC_WARN_64_TO_32_BIT_CONVERSION = YES;
				GCC_WARN_ABOUT_RETURN_TYPE = YES_ERROR;
				GCC_WARN_UNDECLARED_SELECTOR = YES;
				GCC_WARN_UNINITIALIZED_AUTOS = YES_AGGRESSIVE;
				GCC_WARN_UNUSED_FUNCTION = YES;
				GCC_WARN_UNUSED_VARIABLE = YES;
				IPHONEOS_DEPLOYMENT_TARGET = 15.2;
				MTL_ENABLE_DEBUG_INFO = NO;
				MTL_FAST_MATH = YES;
				SDKROOT = iphoneos;
				SWIFT_COMPILATION_MODE = wholemodule;
				SWIFT_OPTIMIZATION_LEVEL = "-O";
				VALIDATE_PRODUCT = YES;
			};
			name = Release;
		};
		A8D50CA027DC1A7C0059D337 /* Debug */ = {
			isa = XCBuildConfiguration;
			buildSettings = {
				ASSETCATALOG_COMPILER_APPICON_NAME = AppIcon;
				ASSETCATALOG_COMPILER_GLOBAL_ACCENT_COLOR_NAME = AccentColor;
				CODE_SIGN_STYLE = Automatic;
				CURRENT_PROJECT_VERSION = 1;
				DEVELOPMENT_ASSET_PATHS = "\"KicksCartelApp/Preview Content\"";
				DEVELOPMENT_TEAM = HU5NP8XV8L;
				ENABLE_PREVIEWS = YES;
				GENERATE_INFOPLIST_FILE = YES;
				INFOPLIST_FILE = KicksCartelApp/Info.plist;
				INFOPLIST_KEY_UIApplicationSceneManifest_Generation = YES;
				INFOPLIST_KEY_UIApplicationSupportsIndirectInputEvents = YES;
				INFOPLIST_KEY_UISupportedInterfaceOrientations = UIInterfaceOrientationPortrait;
				INFOPLIST_KEY_UISupportedInterfaceOrientations_iPad = "UIInterfaceOrientationPortrait UIInterfaceOrientationPortraitUpsideDown UIInterfaceOrientationLandscapeLeft UIInterfaceOrientationLandscapeRight";
				INFOPLIST_KEY_UISupportedInterfaceOrientations_iPhone = "UIInterfaceOrientationPortrait UIInterfaceOrientationLandscapeLeft UIInterfaceOrientationLandscapeRight";
				LD_RUNPATH_SEARCH_PATHS = (
					"$(inherited)",
					"@executable_path/Frameworks",
				);
				MARKETING_VERSION = 1.0;
				PRODUCT_BUNDLE_IDENTIFIER = cuakSolutions.KicksCartelApp;
				PRODUCT_NAME = "$(TARGET_NAME)";
				SWIFT_EMIT_LOC_STRINGS = YES;
				SWIFT_VERSION = 5.0;
				TARGETED_DEVICE_FAMILY = 1;
			};
			name = Debug;
		};
		A8D50CA127DC1A7C0059D337 /* Release */ = {
			isa = XCBuildConfiguration;
			buildSettings = {
				ASSETCATALOG_COMPILER_APPICON_NAME = AppIcon;
				ASSETCATALOG_COMPILER_GLOBAL_ACCENT_COLOR_NAME = AccentColor;
				CODE_SIGN_STYLE = Automatic;
				CURRENT_PROJECT_VERSION = 1;
				DEVELOPMENT_ASSET_PATHS = "\"KicksCartelApp/Preview Content\"";
				DEVELOPMENT_TEAM = HU5NP8XV8L;
				ENABLE_PREVIEWS = YES;
				GENERATE_INFOPLIST_FILE = YES;
				INFOPLIST_FILE = KicksCartelApp/Info.plist;
				INFOPLIST_KEY_UIApplicationSceneManifest_Generation = YES;
				INFOPLIST_KEY_UIApplicationSupportsIndirectInputEvents = YES;
				INFOPLIST_KEY_UISupportedInterfaceOrientations = UIInterfaceOrientationPortrait;
				INFOPLIST_KEY_UISupportedInterfaceOrientations_iPad = "UIInterfaceOrientationPortrait UIInterfaceOrientationPortraitUpsideDown UIInterfaceOrientationLandscapeLeft UIInterfaceOrientationLandscapeRight";
				INFOPLIST_KEY_UISupportedInterfaceOrientations_iPhone = "UIInterfaceOrientationPortrait UIInterfaceOrientationLandscapeLeft UIInterfaceOrientationLandscapeRight";
				LD_RUNPATH_SEARCH_PATHS = (
					"$(inherited)",
					"@executable_path/Frameworks",
				);
				MARKETING_VERSION = 1.0;
				PRODUCT_BUNDLE_IDENTIFIER = cuakSolutions.KicksCartelApp;
				PRODUCT_NAME = "$(TARGET_NAME)";
				SWIFT_EMIT_LOC_STRINGS = YES;
				SWIFT_VERSION = 5.0;
				TARGETED_DEVICE_FAMILY = 1;
			};
			name = Release;
		};
		A8D50CA327DC1A7C0059D337 /* Debug */ = {
			isa = XCBuildConfiguration;
			buildSettings = {
				ALWAYS_EMBED_SWIFT_STANDARD_LIBRARIES = YES;
				BUNDLE_LOADER = "$(TEST_HOST)";
				CODE_SIGN_STYLE = Automatic;
				CURRENT_PROJECT_VERSION = 1;
				DEVELOPMENT_TEAM = HU5NP8XV8L;
				GENERATE_INFOPLIST_FILE = YES;
				IPHONEOS_DEPLOYMENT_TARGET = 15.2;
				MARKETING_VERSION = 1.0;
				PRODUCT_BUNDLE_IDENTIFIER = cuakSolutions.KicksCartelAppTests;
				PRODUCT_NAME = "$(TARGET_NAME)";
				SWIFT_EMIT_LOC_STRINGS = NO;
				SWIFT_VERSION = 5.0;
				TARGETED_DEVICE_FAMILY = "1,2";
				TEST_HOST = "$(BUILT_PRODUCTS_DIR)/KicksCartelApp.app/KicksCartelApp";
			};
			name = Debug;
		};
		A8D50CA427DC1A7C0059D337 /* Release */ = {
			isa = XCBuildConfiguration;
			buildSettings = {
				ALWAYS_EMBED_SWIFT_STANDARD_LIBRARIES = YES;
				BUNDLE_LOADER = "$(TEST_HOST)";
				CODE_SIGN_STYLE = Automatic;
				CURRENT_PROJECT_VERSION = 1;
				DEVELOPMENT_TEAM = HU5NP8XV8L;
				GENERATE_INFOPLIST_FILE = YES;
				IPHONEOS_DEPLOYMENT_TARGET = 15.2;
				MARKETING_VERSION = 1.0;
				PRODUCT_BUNDLE_IDENTIFIER = cuakSolutions.KicksCartelAppTests;
				PRODUCT_NAME = "$(TARGET_NAME)";
				SWIFT_EMIT_LOC_STRINGS = NO;
				SWIFT_VERSION = 5.0;
				TARGETED_DEVICE_FAMILY = "1,2";
				TEST_HOST = "$(BUILT_PRODUCTS_DIR)/KicksCartelApp.app/KicksCartelApp";
			};
			name = Release;
		};
		A8D50CA627DC1A7C0059D337 /* Debug */ = {
			isa = XCBuildConfiguration;
			buildSettings = {
				ALWAYS_EMBED_SWIFT_STANDARD_LIBRARIES = YES;
				CODE_SIGN_STYLE = Automatic;
				CURRENT_PROJECT_VERSION = 1;
				DEVELOPMENT_TEAM = HU5NP8XV8L;
				GENERATE_INFOPLIST_FILE = YES;
				MARKETING_VERSION = 1.0;
				PRODUCT_BUNDLE_IDENTIFIER = cuakSolutions.KicksCartelAppUITests;
				PRODUCT_NAME = "$(TARGET_NAME)";
				SWIFT_EMIT_LOC_STRINGS = NO;
				SWIFT_VERSION = 5.0;
				TARGETED_DEVICE_FAMILY = "1,2";
				TEST_TARGET_NAME = KicksCartelApp;
			};
			name = Debug;
		};
		A8D50CA727DC1A7C0059D337 /* Release */ = {
			isa = XCBuildConfiguration;
			buildSettings = {
				ALWAYS_EMBED_SWIFT_STANDARD_LIBRARIES = YES;
				CODE_SIGN_STYLE = Automatic;
				CURRENT_PROJECT_VERSION = 1;
				DEVELOPMENT_TEAM = HU5NP8XV8L;
				GENERATE_INFOPLIST_FILE = YES;
				MARKETING_VERSION = 1.0;
				PRODUCT_BUNDLE_IDENTIFIER = cuakSolutions.KicksCartelAppUITests;
				PRODUCT_NAME = "$(TARGET_NAME)";
				SWIFT_EMIT_LOC_STRINGS = NO;
				SWIFT_VERSION = 5.0;
				TARGETED_DEVICE_FAMILY = "1,2";
				TEST_TARGET_NAME = KicksCartelApp;
			};
			name = Release;
		};
/* End XCBuildConfiguration section */

/* Begin XCConfigurationList section */
		A8D50C7627DC1A7B0059D337 /* Build configuration list for PBXProject "KicksCartelApp" */ = {
			isa = XCConfigurationList;
			buildConfigurations = (
				A8D50C9D27DC1A7C0059D337 /* Debug */,
				A8D50C9E27DC1A7C0059D337 /* Release */,
			);
			defaultConfigurationIsVisible = 0;
			defaultConfigurationName = Release;
		};
		A8D50C9F27DC1A7C0059D337 /* Build configuration list for PBXNativeTarget "KicksCartelApp" */ = {
			isa = XCConfigurationList;
			buildConfigurations = (
				A8D50CA027DC1A7C0059D337 /* Debug */,
				A8D50CA127DC1A7C0059D337 /* Release */,
			);
			defaultConfigurationIsVisible = 0;
			defaultConfigurationName = Release;
		};
		A8D50CA227DC1A7C0059D337 /* Build configuration list for PBXNativeTarget "KicksCartelAppTests" */ = {
			isa = XCConfigurationList;
			buildConfigurations = (
				A8D50CA327DC1A7C0059D337 /* Debug */,
				A8D50CA427DC1A7C0059D337 /* Release */,
			);
			defaultConfigurationIsVisible = 0;
			defaultConfigurationName = Release;
		};
		A8D50CA527DC1A7C0059D337 /* Build configuration list for PBXNativeTarget "KicksCartelAppUITests" */ = {
			isa = XCConfigurationList;
			buildConfigurations = (
				A8D50CA627DC1A7C0059D337 /* Debug */,
				A8D50CA727DC1A7C0059D337 /* Release */,
			);
			defaultConfigurationIsVisible = 0;
			defaultConfigurationName = Release;
		};
/* End XCConfigurationList section */

/* Begin XCRemoteSwiftPackageReference section */
		A81FA34F287A5C7B002F7EAE /* XCRemoteSwiftPackageReference "firebase-ios-sdk" */ = {
			isa = XCRemoteSwiftPackageReference;
			repositoryURL = "https://github.com/firebase/firebase-ios-sdk";
			requirement = {
				kind = exactVersion;
				version = 9.2.0;
			};
		};
/* End XCRemoteSwiftPackageReference section */

/* Begin XCSwiftPackageProductDependency section */
		A81FA350287A5C7B002F7EAE /* FirebaseAnalytics */ = {
			isa = XCSwiftPackageProductDependency;
			package = A81FA34F287A5C7B002F7EAE /* XCRemoteSwiftPackageReference "firebase-ios-sdk" */;
			productName = FirebaseAnalytics;
		};
		A81FA352287A5C7B002F7EAE /* FirebaseAnalyticsOnDeviceConversion */ = {
			isa = XCSwiftPackageProductDependency;
			package = A81FA34F287A5C7B002F7EAE /* XCRemoteSwiftPackageReference "firebase-ios-sdk" */;
			productName = FirebaseAnalyticsOnDeviceConversion;
		};
		A81FA354287A5C7B002F7EAE /* FirebaseAnalyticsSwift */ = {
			isa = XCSwiftPackageProductDependency;
			package = A81FA34F287A5C7B002F7EAE /* XCRemoteSwiftPackageReference "firebase-ios-sdk" */;
			productName = FirebaseAnalyticsSwift;
		};
		A81FA356287A5C7B002F7EAE /* FirebaseAnalyticsWithoutAdIdSupport */ = {
			isa = XCSwiftPackageProductDependency;
			package = A81FA34F287A5C7B002F7EAE /* XCRemoteSwiftPackageReference "firebase-ios-sdk" */;
			productName = FirebaseAnalyticsWithoutAdIdSupport;
		};
		A81FA358287A5C7B002F7EAE /* FirebaseAppCheck */ = {
			isa = XCSwiftPackageProductDependency;
			package = A81FA34F287A5C7B002F7EAE /* XCRemoteSwiftPackageReference "firebase-ios-sdk" */;
			productName = FirebaseAppCheck;
		};
		A81FA35A287A5C7B002F7EAE /* FirebaseAppDistribution-Beta */ = {
			isa = XCSwiftPackageProductDependency;
			package = A81FA34F287A5C7B002F7EAE /* XCRemoteSwiftPackageReference "firebase-ios-sdk" */;
			productName = "FirebaseAppDistribution-Beta";
		};
		A81FA35C287A5C7B002F7EAE /* FirebaseAuth */ = {
			isa = XCSwiftPackageProductDependency;
			package = A81FA34F287A5C7B002F7EAE /* XCRemoteSwiftPackageReference "firebase-ios-sdk" */;
			productName = FirebaseAuth;
		};
		A81FA35E287A5C7B002F7EAE /* FirebaseAuthCombine-Community */ = {
			isa = XCSwiftPackageProductDependency;
			package = A81FA34F287A5C7B002F7EAE /* XCRemoteSwiftPackageReference "firebase-ios-sdk" */;
			productName = "FirebaseAuthCombine-Community";
		};
		A81FA360287A5C7B002F7EAE /* FirebaseCrashlytics */ = {
			isa = XCSwiftPackageProductDependency;
			package = A81FA34F287A5C7B002F7EAE /* XCRemoteSwiftPackageReference "firebase-ios-sdk" */;
			productName = FirebaseCrashlytics;
		};
		A81FA362287A5C7B002F7EAE /* FirebaseDatabase */ = {
			isa = XCSwiftPackageProductDependency;
			package = A81FA34F287A5C7B002F7EAE /* XCRemoteSwiftPackageReference "firebase-ios-sdk" */;
			productName = FirebaseDatabase;
		};
		A81FA364287A5C7B002F7EAE /* FirebaseDatabaseSwift */ = {
			isa = XCSwiftPackageProductDependency;
			package = A81FA34F287A5C7B002F7EAE /* XCRemoteSwiftPackageReference "firebase-ios-sdk" */;
			productName = FirebaseDatabaseSwift;
		};
		A81FA366287A5C7B002F7EAE /* FirebaseDynamicLinks */ = {
			isa = XCSwiftPackageProductDependency;
			package = A81FA34F287A5C7B002F7EAE /* XCRemoteSwiftPackageReference "firebase-ios-sdk" */;
			productName = FirebaseDynamicLinks;
		};
		A81FA368287A5C7B002F7EAE /* FirebaseFirestore */ = {
			isa = XCSwiftPackageProductDependency;
			package = A81FA34F287A5C7B002F7EAE /* XCRemoteSwiftPackageReference "firebase-ios-sdk" */;
			productName = FirebaseFirestore;
		};
		A81FA36A287A5C7B002F7EAE /* FirebaseFirestoreCombine-Community */ = {
			isa = XCSwiftPackageProductDependency;
			package = A81FA34F287A5C7B002F7EAE /* XCRemoteSwiftPackageReference "firebase-ios-sdk" */;
			productName = "FirebaseFirestoreCombine-Community";
		};
		A81FA36C287A5C7B002F7EAE /* FirebaseFirestoreSwift */ = {
			isa = XCSwiftPackageProductDependency;
			package = A81FA34F287A5C7B002F7EAE /* XCRemoteSwiftPackageReference "firebase-ios-sdk" */;
			productName = FirebaseFirestoreSwift;
		};
		A81FA36E287A5C7B002F7EAE /* FirebaseFunctions */ = {
			isa = XCSwiftPackageProductDependency;
			package = A81FA34F287A5C7B002F7EAE /* XCRemoteSwiftPackageReference "firebase-ios-sdk" */;
			productName = FirebaseFunctions;
		};
		A81FA370287A5C7B002F7EAE /* FirebaseFunctionsCombine-Community */ = {
			isa = XCSwiftPackageProductDependency;
			package = A81FA34F287A5C7B002F7EAE /* XCRemoteSwiftPackageReference "firebase-ios-sdk" */;
			productName = "FirebaseFunctionsCombine-Community";
		};
		A81FA372287A5C7B002F7EAE /* FirebaseInAppMessaging-Beta */ = {
			isa = XCSwiftPackageProductDependency;
			package = A81FA34F287A5C7B002F7EAE /* XCRemoteSwiftPackageReference "firebase-ios-sdk" */;
			productName = "FirebaseInAppMessaging-Beta";
		};
		A81FA374287A5C7B002F7EAE /* FirebaseInAppMessagingSwift-Beta */ = {
			isa = XCSwiftPackageProductDependency;
			package = A81FA34F287A5C7B002F7EAE /* XCRemoteSwiftPackageReference "firebase-ios-sdk" */;
			productName = "FirebaseInAppMessagingSwift-Beta";
		};
		A81FA376287A5C7B002F7EAE /* FirebaseInstallations */ = {
			isa = XCSwiftPackageProductDependency;
			package = A81FA34F287A5C7B002F7EAE /* XCRemoteSwiftPackageReference "firebase-ios-sdk" */;
			productName = FirebaseInstallations;
		};
		A81FA378287A5C7B002F7EAE /* FirebaseMLModelDownloader */ = {
			isa = XCSwiftPackageProductDependency;
			package = A81FA34F287A5C7B002F7EAE /* XCRemoteSwiftPackageReference "firebase-ios-sdk" */;
			productName = FirebaseMLModelDownloader;
		};
		A81FA37A287A5C7B002F7EAE /* FirebaseMessaging */ = {
			isa = XCSwiftPackageProductDependency;
			package = A81FA34F287A5C7B002F7EAE /* XCRemoteSwiftPackageReference "firebase-ios-sdk" */;
			productName = FirebaseMessaging;
		};
		A81FA37C287A5C7B002F7EAE /* FirebasePerformance */ = {
			isa = XCSwiftPackageProductDependency;
			package = A81FA34F287A5C7B002F7EAE /* XCRemoteSwiftPackageReference "firebase-ios-sdk" */;
			productName = FirebasePerformance;
		};
		A81FA37E287A5C7B002F7EAE /* FirebaseRemoteConfig */ = {
			isa = XCSwiftPackageProductDependency;
			package = A81FA34F287A5C7B002F7EAE /* XCRemoteSwiftPackageReference "firebase-ios-sdk" */;
			productName = FirebaseRemoteConfig;
		};
		A81FA380287A5C7B002F7EAE /* FirebaseRemoteConfigSwift */ = {
			isa = XCSwiftPackageProductDependency;
			package = A81FA34F287A5C7B002F7EAE /* XCRemoteSwiftPackageReference "firebase-ios-sdk" */;
			productName = FirebaseRemoteConfigSwift;
		};
		A81FA382287A5C7B002F7EAE /* FirebaseStorage */ = {
			isa = XCSwiftPackageProductDependency;
			package = A81FA34F287A5C7B002F7EAE /* XCRemoteSwiftPackageReference "firebase-ios-sdk" */;
			productName = FirebaseStorage;
		};
		A81FA384287A5C7B002F7EAE /* FirebaseStorageCombine-Community */ = {
			isa = XCSwiftPackageProductDependency;
			package = A81FA34F287A5C7B002F7EAE /* XCRemoteSwiftPackageReference "firebase-ios-sdk" */;
			productName = "FirebaseStorageCombine-Community";
		};
/* End XCSwiftPackageProductDependency section */
	};
	rootObject = A8D50C7327DC1A7B0059D337 /* Project object */;
}
