// !$*UTF8*$!
{
	archiveVersion = 1;
	classes = {
	};
	objectVersion = 55;
	objects = {

/* Begin PBXBuildFile section */
		A8368EB427E549A4003410AC /* NewsCard.swift in Sources */ = {isa = PBXBuildFile; fileRef = A8368EB327E549A4003410AC /* NewsCard.swift */; };
		A8368EB627E561F2003410AC /* BrowseViewModel.swift in Sources */ = {isa = PBXBuildFile; fileRef = A8368EB527E561F2003410AC /* BrowseViewModel.swift */; };
		A871E73827EEB35700B04158 /* DetailShowView.swift in Sources */ = {isa = PBXBuildFile; fileRef = A871E73727EEB35700B04158 /* DetailShowView.swift */; };
		A871E73A27EFA6CC00B04158 /* DetailView.swift in Sources */ = {isa = PBXBuildFile; fileRef = A871E73927EFA6CC00B04158 /* DetailView.swift */; };
		A87DF67E27E632ED00389A84 /* ListItem.swift in Sources */ = {isa = PBXBuildFile; fileRef = A87DF67D27E632ED00389A84 /* ListItem.swift */; };
		A87DF68027E6564E00389A84 /* CartItemView.swift in Sources */ = {isa = PBXBuildFile; fileRef = A87DF67F27E6564E00389A84 /* CartItemView.swift */; };
		A8D50C7F27DC1A7B0059D337 /* KicksCartelAppApp.swift in Sources */ = {isa = PBXBuildFile; fileRef = A8D50C7E27DC1A7B0059D337 /* KicksCartelAppApp.swift */; };
		A8D50C8127DC1A7B0059D337 /* BrowseView.swift in Sources */ = {isa = PBXBuildFile; fileRef = A8D50C8027DC1A7B0059D337 /* BrowseView.swift */; };
		A8D50C8327DC1A7C0059D337 /* Assets.xcassets in Resources */ = {isa = PBXBuildFile; fileRef = A8D50C8227DC1A7C0059D337 /* Assets.xcassets */; };
		A8D50C8627DC1A7C0059D337 /* Preview Assets.xcassets in Resources */ = {isa = PBXBuildFile; fileRef = A8D50C8527DC1A7C0059D337 /* Preview Assets.xcassets */; };
		A8D50C9027DC1A7C0059D337 /* KicksCartelAppTests.swift in Sources */ = {isa = PBXBuildFile; fileRef = A8D50C8F27DC1A7C0059D337 /* KicksCartelAppTests.swift */; };
		A8D50C9A27DC1A7C0059D337 /* KicksCartelAppUITests.swift in Sources */ = {isa = PBXBuildFile; fileRef = A8D50C9927DC1A7C0059D337 /* KicksCartelAppUITests.swift */; };
		A8D50C9C27DC1A7C0059D337 /* KicksCartelAppUITestsLaunchTests.swift in Sources */ = {isa = PBXBuildFile; fileRef = A8D50C9B27DC1A7C0059D337 /* KicksCartelAppUITestsLaunchTests.swift */; };
		A8D50CA927DC1B460059D337 /* SizesSlideUpModal.swift in Sources */ = {isa = PBXBuildFile; fileRef = A8D50CA827DC1B460059D337 /* SizesSlideUpModal.swift */; };
		A8D50CAB27DC2B370059D337 /* SizeCell.swift in Sources */ = {isa = PBXBuildFile; fileRef = A8D50CAA27DC2B370059D337 /* SizeCell.swift */; };
		A8DE7E7D2842791C008CB624 /* LaunchScreen.swift in Sources */ = {isa = PBXBuildFile; fileRef = A8DE7E7C2842791C008CB624 /* LaunchScreen.swift */; };
/* End PBXBuildFile section */

/* Begin PBXContainerItemProxy section */
		A8D50C8C27DC1A7C0059D337 /* PBXContainerItemProxy */ = {
			isa = PBXContainerItemProxy;
			containerPortal = A8D50C7327DC1A7B0059D337 /* Project object */;
			proxyType = 1;
			remoteGlobalIDString = A8D50C7A27DC1A7B0059D337;
			remoteInfo = KicksCartelApp;
		};
		A8D50C9627DC1A7C0059D337 /* PBXContainerItemProxy */ = {
			isa = PBXContainerItemProxy;
			containerPortal = A8D50C7327DC1A7B0059D337 /* Project object */;
			proxyType = 1;
			remoteGlobalIDString = A8D50C7A27DC1A7B0059D337;
			remoteInfo = KicksCartelApp;
		};
/* End PBXContainerItemProxy section */

/* Begin PBXFileReference section */
		A8368EB327E549A4003410AC /* NewsCard.swift */ = {isa = PBXFileReference; lastKnownFileType = sourcecode.swift; path = NewsCard.swift; sourceTree = "<group>"; };
		A8368EB527E561F2003410AC /* BrowseViewModel.swift */ = {isa = PBXFileReference; lastKnownFileType = sourcecode.swift; path = BrowseViewModel.swift; sourceTree = "<group>"; };
		A871E73727EEB35700B04158 /* DetailShowView.swift */ = {isa = PBXFileReference; lastKnownFileType = sourcecode.swift; name = DetailShowView.swift; path = KicksCartelApp/DetailShowView.swift; sourceTree = SOURCE_ROOT; };
		A871E73927EFA6CC00B04158 /* DetailView.swift */ = {isa = PBXFileReference; lastKnownFileType = sourcecode.swift; path = DetailView.swift; sourceTree = "<group>"; };
		A87DF67D27E632ED00389A84 /* ListItem.swift */ = {isa = PBXFileReference; lastKnownFileType = sourcecode.swift; path = ListItem.swift; sourceTree = "<group>"; };
		A87DF67F27E6564E00389A84 /* CartItemView.swift */ = {isa = PBXFileReference; lastKnownFileType = sourcecode.swift; path = CartItemView.swift; sourceTree = "<group>"; };
		A8D50C7B27DC1A7B0059D337 /* KicksCartelApp.app */ = {isa = PBXFileReference; explicitFileType = wrapper.application; includeInIndex = 0; path = KicksCartelApp.app; sourceTree = BUILT_PRODUCTS_DIR; };
		A8D50C7E27DC1A7B0059D337 /* KicksCartelAppApp.swift */ = {isa = PBXFileReference; lastKnownFileType = sourcecode.swift; path = KicksCartelAppApp.swift; sourceTree = "<group>"; };
		A8D50C8027DC1A7B0059D337 /* BrowseView.swift */ = {isa = PBXFileReference; lastKnownFileType = sourcecode.swift; path = BrowseView.swift; sourceTree = "<group>"; };
		A8D50C8227DC1A7C0059D337 /* Assets.xcassets */ = {isa = PBXFileReference; lastKnownFileType = folder.assetcatalog; path = Assets.xcassets; sourceTree = "<group>"; };
		A8D50C8527DC1A7C0059D337 /* Preview Assets.xcassets */ = {isa = PBXFileReference; lastKnownFileType = folder.assetcatalog; path = "Preview Assets.xcassets"; sourceTree = "<group>"; };
		A8D50C8B27DC1A7C0059D337 /* KicksCartelAppTests.xctest */ = {isa = PBXFileReference; explicitFileType = wrapper.cfbundle; includeInIndex = 0; path = KicksCartelAppTests.xctest; sourceTree = BUILT_PRODUCTS_DIR; };
		A8D50C8F27DC1A7C0059D337 /* KicksCartelAppTests.swift */ = {isa = PBXFileReference; lastKnownFileType = sourcecode.swift; path = KicksCartelAppTests.swift; sourceTree = "<group>"; };
		A8D50C9527DC1A7C0059D337 /* KicksCartelAppUITests.xctest */ = {isa = PBXFileReference; explicitFileType = wrapper.cfbundle; includeInIndex = 0; path = KicksCartelAppUITests.xctest; sourceTree = BUILT_PRODUCTS_DIR; };
		A8D50C9927DC1A7C0059D337 /* KicksCartelAppUITests.swift */ = {isa = PBXFileReference; lastKnownFileType = sourcecode.swift; path = KicksCartelAppUITests.swift; sourceTree = "<group>"; };
		A8D50C9B27DC1A7C0059D337 /* KicksCartelAppUITestsLaunchTests.swift */ = {isa = PBXFileReference; lastKnownFileType = sourcecode.swift; path = KicksCartelAppUITestsLaunchTests.swift; sourceTree = "<group>"; };
		A8D50CA827DC1B460059D337 /* SizesSlideUpModal.swift */ = {isa = PBXFileReference; lastKnownFileType = sourcecode.swift; path = SizesSlideUpModal.swift; sourceTree = "<group>"; };
		A8D50CAA27DC2B370059D337 /* SizeCell.swift */ = {isa = PBXFileReference; lastKnownFileType = sourcecode.swift; path = SizeCell.swift; sourceTree = "<group>"; };
		A8DE7E7C2842791C008CB624 /* LaunchScreen.swift */ = {isa = PBXFileReference; lastKnownFileType = sourcecode.swift; path = LaunchScreen.swift; sourceTree = "<group>"; };
		A8DE7E7E2845C79E008CB624 /* Info.plist */ = {isa = PBXFileReference; lastKnownFileType = text.plist; path = Info.plist; sourceTree = "<group>"; };
/* End PBXFileReference section */

/* Begin PBXFrameworksBuildPhase section */
		A8D50C7827DC1A7B0059D337 /* Frameworks */ = {
			isa = PBXFrameworksBuildPhase;
			buildActionMask = 2147483647;
			files = (
			);
			runOnlyForDeploymentPostprocessing = 0;
		};
		A8D50C8827DC1A7C0059D337 /* Frameworks */ = {
			isa = PBXFrameworksBuildPhase;
			buildActionMask = 2147483647;
			files = (
			);
			runOnlyForDeploymentPostprocessing = 0;
		};
		A8D50C9227DC1A7C0059D337 /* Frameworks */ = {
			isa = PBXFrameworksBuildPhase;
			buildActionMask = 2147483647;
			files = (
			);
			runOnlyForDeploymentPostprocessing = 0;
		};
/* End PBXFrameworksBuildPhase section */

/* Begin PBXGroup section */
		A8368EB727E561F6003410AC /* Browse */ = {
			isa = PBXGroup;
			children = (
				A8D50C8027DC1A7B0059D337 /* BrowseView.swift */,
				A8368EB527E561F2003410AC /* BrowseViewModel.swift */,
			);
			path = Browse;
			sourceTree = "<group>";
		};
		A8D50C7227DC1A7B0059D337 = {
			isa = PBXGroup;
			children = (
				A8D50C7D27DC1A7B0059D337 /* KicksCartelApp */,
				A8D50C8E27DC1A7C0059D337 /* KicksCartelAppTests */,
				A8D50C9827DC1A7C0059D337 /* KicksCartelAppUITests */,
				A8D50C7C27DC1A7B0059D337 /* Products */,
			);
			sourceTree = "<group>";
		};
		A8D50C7C27DC1A7B0059D337 /* Products */ = {
			isa = PBXGroup;
			children = (
				A8D50C7B27DC1A7B0059D337 /* KicksCartelApp.app */,
				A8D50C8B27DC1A7C0059D337 /* KicksCartelAppTests.xctest */,
				A8D50C9527DC1A7C0059D337 /* KicksCartelAppUITests.xctest */,
			);
			name = Products;
			sourceTree = "<group>";
		};
		A8D50C7D27DC1A7B0059D337 /* KicksCartelApp */ = {
			isa = PBXGroup;
			children = (
				A8DE7E7E2845C79E008CB624 /* Info.plist */,
				A8D50C7E27DC1A7B0059D337 /* KicksCartelAppApp.swift */,
				A8DE7E7C2842791C008CB624 /* LaunchScreen.swift */,
				A8368EB727E561F6003410AC /* Browse */,
				A8D50CA827DC1B460059D337 /* SizesSlideUpModal.swift */,
				A871E73727EEB35700B04158 /* DetailShowView.swift */,
				A871E73927EFA6CC00B04158 /* DetailView.swift */,
				A8368EB327E549A4003410AC /* NewsCard.swift */,
				A87DF67F27E6564E00389A84 /* CartItemView.swift */,
				A87DF67D27E632ED00389A84 /* ListItem.swift */,
				A8D50CAA27DC2B370059D337 /* SizeCell.swift */,
				A8D50C8227DC1A7C0059D337 /* Assets.xcassets */,
				A8D50C8427DC1A7C0059D337 /* Preview Content */,
			);
			path = KicksCartelApp;
			sourceTree = "<group>";
		};
		A8D50C8427DC1A7C0059D337 /* Preview Content */ = {
			isa = PBXGroup;
			children = (
				A8D50C8527DC1A7C0059D337 /* Preview Assets.xcassets */,
			);
			path = "Preview Content";
			sourceTree = "<group>";
		};
		A8D50C8E27DC1A7C0059D337 /* KicksCartelAppTests */ = {
			isa = PBXGroup;
			children = (
				A8D50C8F27DC1A7C0059D337 /* KicksCartelAppTests.swift */,
			);
			path = KicksCartelAppTests;
			sourceTree = "<group>";
		};
		A8D50C9827DC1A7C0059D337 /* KicksCartelAppUITests */ = {
			isa = PBXGroup;
			children = (
				A8D50C9927DC1A7C0059D337 /* KicksCartelAppUITests.swift */,
				A8D50C9B27DC1A7C0059D337 /* KicksCartelAppUITestsLaunchTests.swift */,
			);
			path = KicksCartelAppUITests;
			sourceTree = "<group>";
		};
/* End PBXGroup section */

/* Begin PBXNativeTarget section */
		A8D50C7A27DC1A7B0059D337 /* KicksCartelApp */ = {
			isa = PBXNativeTarget;
			buildConfigurationList = A8D50C9F27DC1A7C0059D337 /* Build configuration list for PBXNativeTarget "KicksCartelApp" */;
			buildPhases = (
				A8D50C7727DC1A7B0059D337 /* Sources */,
				A8D50C7827DC1A7B0059D337 /* Frameworks */,
				A8D50C7927DC1A7B0059D337 /* Resources */,
			);
			buildRules = (
			);
			dependencies = (
			);
			name = KicksCartelApp;
			productName = KicksCartelApp;
			productReference = A8D50C7B27DC1A7B0059D337 /* KicksCartelApp.app */;
			productType = "com.apple.product-type.application";
		};
		A8D50C8A27DC1A7C0059D337 /* KicksCartelAppTests */ = {
			isa = PBXNativeTarget;
			buildConfigurationList = A8D50CA227DC1A7C0059D337 /* Build configuration list for PBXNativeTarget "KicksCartelAppTests" */;
			buildPhases = (
				A8D50C8727DC1A7C0059D337 /* Sources */,
				A8D50C8827DC1A7C0059D337 /* Frameworks */,
				A8D50C8927DC1A7C0059D337 /* Resources */,
			);
			buildRules = (
			);
			dependencies = (
				A8D50C8D27DC1A7C0059D337 /* PBXTargetDependency */,
			);
			name = KicksCartelAppTests;
			productName = KicksCartelAppTests;
			productReference = A8D50C8B27DC1A7C0059D337 /* KicksCartelAppTests.xctest */;
			productType = "com.apple.product-type.bundle.unit-test";
		};
		A8D50C9427DC1A7C0059D337 /* KicksCartelAppUITests */ = {
			isa = PBXNativeTarget;
			buildConfigurationList = A8D50CA527DC1A7C0059D337 /* Build configuration list for PBXNativeTarget "KicksCartelAppUITests" */;
			buildPhases = (
				A8D50C9127DC1A7C0059D337 /* Sources */,
				A8D50C9227DC1A7C0059D337 /* Frameworks */,
				A8D50C9327DC1A7C0059D337 /* Resources */,
			);
			buildRules = (
			);
			dependencies = (
				A8D50C9727DC1A7C0059D337 /* PBXTargetDependency */,
			);
			name = KicksCartelAppUITests;
			productName = KicksCartelAppUITests;
			productReference = A8D50C9527DC1A7C0059D337 /* KicksCartelAppUITests.xctest */;
			productType = "com.apple.product-type.bundle.ui-testing";
		};
/* End PBXNativeTarget section */

/* Begin PBXProject section */
		A8D50C7327DC1A7B0059D337 /* Project object */ = {
			isa = PBXProject;
			attributes = {
				BuildIndependentTargetsInParallel = 1;
				LastSwiftUpdateCheck = 1320;
				LastUpgradeCheck = 1320;
				TargetAttributes = {
					A8D50C7A27DC1A7B0059D337 = {
						CreatedOnToolsVersion = 13.2.1;
					};
					A8D50C8A27DC1A7C0059D337 = {
						CreatedOnToolsVersion = 13.2.1;
						TestTargetID = A8D50C7A27DC1A7B0059D337;
					};
					A8D50C9427DC1A7C0059D337 = {
						CreatedOnToolsVersion = 13.2.1;
						TestTargetID = A8D50C7A27DC1A7B0059D337;
					};
				};
			};
			buildConfigurationList = A8D50C7627DC1A7B0059D337 /* Build configuration list for PBXProject "KicksCartelApp" */;
			compatibilityVersion = "Xcode 13.0";
			developmentRegion = en;
			hasScannedForEncodings = 0;
			knownRegions = (
				en,
				Base,
			);
			mainGroup = A8D50C7227DC1A7B0059D337;
			productRefGroup = A8D50C7C27DC1A7B0059D337 /* Products */;
			projectDirPath = "";
			projectRoot = "";
			targets = (
				A8D50C7A27DC1A7B0059D337 /* KicksCartelApp */,
				A8D50C8A27DC1A7C0059D337 /* KicksCartelAppTests */,
				A8D50C9427DC1A7C0059D337 /* KicksCartelAppUITests */,
			);
		};
/* End PBXProject section */

/* Begin PBXResourcesBuildPhase section */
		A8D50C7927DC1A7B0059D337 /* Resources */ = {
			isa = PBXResourcesBuildPhase;
			buildActionMask = 2147483647;
			files = (
				A8D50C8627DC1A7C0059D337 /* Preview Assets.xcassets in Resources */,
				A8D50C8327DC1A7C0059D337 /* Assets.xcassets in Resources */,
			);
			runOnlyForDeploymentPostprocessing = 0;
		};
		A8D50C8927DC1A7C0059D337 /* Resources */ = {
			isa = PBXResourcesBuildPhase;
			buildActionMask = 2147483647;
			files = (
			);
			runOnlyForDeploymentPostprocessing = 0;
		};
		A8D50C9327DC1A7C0059D337 /* Resources */ = {
			isa = PBXResourcesBuildPhase;
			buildActionMask = 2147483647;
			files = (
			);
			runOnlyForDeploymentPostprocessing = 0;
		};
/* End PBXResourcesBuildPhase section */

/* Begin PBXSourcesBuildPhase section */
		A8D50C7727DC1A7B0059D337 /* Sources */ = {
			isa = PBXSourcesBuildPhase;
			buildActionMask = 2147483647;
			files = (
				A8D50CAB27DC2B370059D337 /* SizeCell.swift in Sources */,
				A87DF68027E6564E00389A84 /* CartItemView.swift in Sources */,
				A8DE7E7D2842791C008CB624 /* LaunchScreen.swift in Sources */,
				A87DF67E27E632ED00389A84 /* ListItem.swift in Sources */,
				A871E73A27EFA6CC00B04158 /* DetailView.swift in Sources */,
				A8D50CA927DC1B460059D337 /* SizesSlideUpModal.swift in Sources */,
				A8D50C8127DC1A7B0059D337 /* BrowseView.swift in Sources */,
				A8D50C7F27DC1A7B0059D337 /* KicksCartelAppApp.swift in Sources */,
				A8368EB627E561F2003410AC /* BrowseViewModel.swift in Sources */,
				A871E73827EEB35700B04158 /* DetailShowView.swift in Sources */,
				A8368EB427E549A4003410AC /* NewsCard.swift in Sources */,
			);
			runOnlyForDeploymentPostprocessing = 0;
		};
		A8D50C8727DC1A7C0059D337 /* Sources */ = {
			isa = PBXSourcesBuildPhase;
			buildActionMask = 2147483647;
			files = (
				A8D50C9027DC1A7C0059D337 /* KicksCartelAppTests.swift in Sources */,
			);
			runOnlyForDeploymentPostprocessing = 0;
		};
		A8D50C9127DC1A7C0059D337 /* Sources */ = {
			isa = PBXSourcesBuildPhase;
			buildActionMask = 2147483647;
			files = (
				A8D50C9A27DC1A7C0059D337 /* KicksCartelAppUITests.swift in Sources */,
				A8D50C9C27DC1A7C0059D337 /* KicksCartelAppUITestsLaunchTests.swift in Sources */,
			);
			runOnlyForDeploymentPostprocessing = 0;
		};
/* End PBXSourcesBuildPhase section */

/* Begin PBXTargetDependency section */
		A8D50C8D27DC1A7C0059D337 /* PBXTargetDependency */ = {
			isa = PBXTargetDependency;
			target = A8D50C7A27DC1A7B0059D337 /* KicksCartelApp */;
			targetProxy = A8D50C8C27DC1A7C0059D337 /* PBXContainerItemProxy */;
		};
		A8D50C9727DC1A7C0059D337 /* PBXTargetDependency */ = {
			isa = PBXTargetDependency;
			target = A8D50C7A27DC1A7B0059D337 /* KicksCartelApp */;
			targetProxy = A8D50C9627DC1A7C0059D337 /* PBXContainerItemProxy */;
		};
/* End PBXTargetDependency section */

/* Begin XCBuildConfiguration section */
		A8D50C9D27DC1A7C0059D337 /* Debug */ = {
			isa = XCBuildConfiguration;
			buildSettings = {
				ALWAYS_SEARCH_USER_PATHS = NO;
				CLANG_ANALYZER_NONNULL = YES;
				CLANG_ANALYZER_NUMBER_OBJECT_CONVERSION = YES_AGGRESSIVE;
				CLANG_CXX_LANGUAGE_STANDARD = "gnu++17";
				CLANG_CXX_LIBRARY = "libc++";
				CLANG_ENABLE_MODULES = YES;
				CLANG_ENABLE_OBJC_ARC = YES;
				CLANG_ENABLE_OBJC_WEAK = YES;
				CLANG_WARN_BLOCK_CAPTURE_AUTORELEASING = YES;
				CLANG_WARN_BOOL_CONVERSION = YES;
				CLANG_WARN_COMMA = YES;
				CLANG_WARN_CONSTANT_CONVERSION = YES;
				CLANG_WARN_DEPRECATED_OBJC_IMPLEMENTATIONS = YES;
				CLANG_WARN_DIRECT_OBJC_ISA_USAGE = YES_ERROR;
				CLANG_WARN_DOCUMENTATION_COMMENTS = YES;
				CLANG_WARN_EMPTY_BODY = YES;
				CLANG_WARN_ENUM_CONVERSION = YES;
				CLANG_WARN_INFINITE_RECURSION = YES;
				CLANG_WARN_INT_CONVERSION = YES;
				CLANG_WARN_NON_LITERAL_NULL_CONVERSION = YES;
				CLANG_WARN_OBJC_IMPLICIT_RETAIN_SELF = YES;
				CLANG_WARN_OBJC_LITERAL_CONVERSION = YES;
				CLANG_WARN_OBJC_ROOT_CLASS = YES_ERROR;
				CLANG_WARN_QUOTED_INCLUDE_IN_FRAMEWORK_HEADER = YES;
				CLANG_WARN_RANGE_LOOP_ANALYSIS = YES;
				CLANG_WARN_STRICT_PROTOTYPES = YES;
				CLANG_WARN_SUSPICIOUS_MOVE = YES;
				CLANG_WARN_UNGUARDED_AVAILABILITY = YES_AGGRESSIVE;
				CLANG_WARN_UNREACHABLE_CODE = YES;
				CLANG_WARN__DUPLICATE_METHOD_MATCH = YES;
				COPY_PHASE_STRIP = NO;
				DEBUG_INFORMATION_FORMAT = dwarf;
				ENABLE_STRICT_OBJC_MSGSEND = YES;
				ENABLE_TESTABILITY = YES;
				GCC_C_LANGUAGE_STANDARD = gnu11;
				GCC_DYNAMIC_NO_PIC = NO;
				GCC_NO_COMMON_BLOCKS = YES;
				GCC_OPTIMIZATION_LEVEL = 0;
				GCC_PREPROCESSOR_DEFINITIONS = (
					"DEBUG=1",
					"$(inherited)",
				);
				GCC_WARN_64_TO_32_BIT_CONVERSION = YES;
				GCC_WARN_ABOUT_RETURN_TYPE = YES_ERROR;
				GCC_WARN_UNDECLARED_SELECTOR = YES;
				GCC_WARN_UNINITIALIZED_AUTOS = YES_AGGRESSIVE;
				GCC_WARN_UNUSED_FUNCTION = YES;
				GCC_WARN_UNUSED_VARIABLE = YES;
				IPHONEOS_DEPLOYMENT_TARGET = 15.2;
				MTL_ENABLE_DEBUG_INFO = INCLUDE_SOURCE;
				MTL_FAST_MATH = YES;
				ONLY_ACTIVE_ARCH = YES;
				SDKROOT = iphoneos;
				SWIFT_ACTIVE_COMPILATION_CONDITIONS = DEBUG;
				SWIFT_OPTIMIZATION_LEVEL = "-Onone";
			};
			name = Debug;
		};
		A8D50C9E27DC1A7C0059D337 /* Release */ = {
			isa = XCBuildConfiguration;
			buildSettings = {
				ALWAYS_SEARCH_USER_PATHS = NO;
				CLANG_ANALYZER_NONNULL = YES;
				CLANG_ANALYZER_NUMBER_OBJECT_CONVERSION = YES_AGGRESSIVE;
				CLANG_CXX_LANGUAGE_STANDARD = "gnu++17";
				CLANG_CXX_LIBRARY = "libc++";
				CLANG_ENABLE_MODULES = YES;
				CLANG_ENABLE_OBJC_ARC = YES;
				CLANG_ENABLE_OBJC_WEAK = YES;
				CLANG_WARN_BLOCK_CAPTURE_AUTORELEASING = YES;
				CLANG_WARN_BOOL_CONVERSION = YES;
				CLANG_WARN_COMMA = YES;
				CLANG_WARN_CONSTANT_CONVERSION = YES;
				CLANG_WARN_DEPRECATED_OBJC_IMPLEMENTATIONS = YES;
				CLANG_WARN_DIRECT_OBJC_ISA_USAGE = YES_ERROR;
				CLANG_WARN_DOCUMENTATION_COMMENTS = YES;
				CLANG_WARN_EMPTY_BODY = YES;
				CLANG_WARN_ENUM_CONVERSION = YES;
				CLANG_WARN_INFINITE_RECURSION = YES;
				CLANG_WARN_INT_CONVERSION = YES;
				CLANG_WARN_NON_LITERAL_NULL_CONVERSION = YES;
				CLANG_WARN_OBJC_IMPLICIT_RETAIN_SELF = YES;
				CLANG_WARN_OBJC_LITERAL_CONVERSION = YES;
				CLANG_WARN_OBJC_ROOT_CLASS = YES_ERROR;
				CLANG_WARN_QUOTED_INCLUDE_IN_FRAMEWORK_HEADER = YES;
				CLANG_WARN_RANGE_LOOP_ANALYSIS = YES;
				CLANG_WARN_STRICT_PROTOTYPES = YES;
				CLANG_WARN_SUSPICIOUS_MOVE = YES;
				CLANG_WARN_UNGUARDED_AVAILABILITY = YES_AGGRESSIVE;
				CLANG_WARN_UNREACHABLE_CODE = YES;
				CLANG_WARN__DUPLICATE_METHOD_MATCH = YES;
				COPY_PHASE_STRIP = NO;
				DEBUG_INFORMATION_FORMAT = "dwarf-with-dsym";
				ENABLE_NS_ASSERTIONS = NO;
				ENABLE_STRICT_OBJC_MSGSEND = YES;
				GCC_C_LANGUAGE_STANDARD = gnu11;
				GCC_NO_COMMON_BLOCKS = YES;
				GCC_WARN_64_TO_32_BIT_CONVERSION = YES;
				GCC_WARN_ABOUT_RETURN_TYPE = YES_ERROR;
				GCC_WARN_UNDECLARED_SELECTOR = YES;
				GCC_WARN_UNINITIALIZED_AUTOS = YES_AGGRESSIVE;
				GCC_WARN_UNUSED_FUNCTION = YES;
				GCC_WARN_UNUSED_VARIABLE = YES;
				IPHONEOS_DEPLOYMENT_TARGET = 15.2;
				MTL_ENABLE_DEBUG_INFO = NO;
				MTL_FAST_MATH = YES;
				SDKROOT = iphoneos;
				SWIFT_COMPILATION_MODE = wholemodule;
				SWIFT_OPTIMIZATION_LEVEL = "-O";
				VALIDATE_PRODUCT = YES;
			};
			name = Release;
		};
		A8D50CA027DC1A7C0059D337 /* Debug */ = {
			isa = XCBuildConfiguration;
			buildSettings = {
				ASSETCATALOG_COMPILER_APPICON_NAME = AppIcon;
				ASSETCATALOG_COMPILER_GLOBAL_ACCENT_COLOR_NAME = AccentColor;
				CODE_SIGN_STYLE = Automatic;
				CURRENT_PROJECT_VERSION = 1;
				DEVELOPMENT_ASSET_PATHS = "\"KicksCartelApp/Preview Content\"";
				DEVELOPMENT_TEAM = HU5NP8XV8L;
				ENABLE_PREVIEWS = YES;
				GENERATE_INFOPLIST_FILE = YES;
				INFOPLIST_FILE = KicksCartelApp/Info.plist;
				INFOPLIST_KEY_UIApplicationSceneManifest_Generation = YES;
				INFOPLIST_KEY_UIApplicationSupportsIndirectInputEvents = YES;
				INFOPLIST_KEY_UISupportedInterfaceOrientations = UIInterfaceOrientationPortrait;
				INFOPLIST_KEY_UISupportedInterfaceOrientations_iPad = "UIInterfaceOrientationPortrait UIInterfaceOrientationPortraitUpsideDown UIInterfaceOrientationLandscapeLeft UIInterfaceOrientationLandscapeRight";
				INFOPLIST_KEY_UISupportedInterfaceOrientations_iPhone = "UIInterfaceOrientationPortrait UIInterfaceOrientationLandscapeLeft UIInterfaceOrientationLandscapeRight";
				LD_RUNPATH_SEARCH_PATHS = (
					"$(inherited)",
					"@executable_path/Frameworks",
				);
				MARKETING_VERSION = 1.0;
				PRODUCT_BUNDLE_IDENTIFIER = cuakSolutions.KicksCartelApp;
				PRODUCT_NAME = "$(TARGET_NAME)";
				SWIFT_EMIT_LOC_STRINGS = YES;
				SWIFT_VERSION = 5.0;
				TARGETED_DEVICE_FAMILY = 1;
			};
			name = Debug;
		};
		A8D50CA127DC1A7C0059D337 /* Release */ = {
			isa = XCBuildConfiguration;
			buildSettings = {
				ASSETCATALOG_COMPILER_APPICON_NAME = AppIcon;
				ASSETCATALOG_COMPILER_GLOBAL_ACCENT_COLOR_NAME = AccentColor;
				CODE_SIGN_STYLE = Automatic;
				CURRENT_PROJECT_VERSION = 1;
				DEVELOPMENT_ASSET_PATHS = "\"KicksCartelApp/Preview Content\"";
				DEVELOPMENT_TEAM = HU5NP8XV8L;
				ENABLE_PREVIEWS = YES;
				GENERATE_INFOPLIST_FILE = YES;
				INFOPLIST_FILE = KicksCartelApp/Info.plist;
				INFOPLIST_KEY_UIApplicationSceneManifest_Generation = YES;
				INFOPLIST_KEY_UIApplicationSupportsIndirectInputEvents = YES;
				INFOPLIST_KEY_UISupportedInterfaceOrientations = UIInterfaceOrientationPortrait;
				INFOPLIST_KEY_UISupportedInterfaceOrientations_iPad = "UIInterfaceOrientationPortrait UIInterfaceOrientationPortraitUpsideDown UIInterfaceOrientationLandscapeLeft UIInterfaceOrientationLandscapeRight";
				INFOPLIST_KEY_UISupportedInterfaceOrientations_iPhone = "UIInterfaceOrientationPortrait UIInterfaceOrientationLandscapeLeft UIInterfaceOrientationLandscapeRight";
				LD_RUNPATH_SEARCH_PATHS = (
					"$(inherited)",
					"@executable_path/Frameworks",
				);
				MARKETING_VERSION = 1.0;
				PRODUCT_BUNDLE_IDENTIFIER = cuakSolutions.KicksCartelApp;
				PRODUCT_NAME = "$(TARGET_NAME)";
				SWIFT_EMIT_LOC_STRINGS = YES;
				SWIFT_VERSION = 5.0;
				TARGETED_DEVICE_FAMILY = 1;
			};
			name = Release;
		};
		A8D50CA327DC1A7C0059D337 /* Debug */ = {
			isa = XCBuildConfiguration;
			buildSettings = {
				ALWAYS_EMBED_SWIFT_STANDARD_LIBRARIES = YES;
				BUNDLE_LOADER = "$(TEST_HOST)";
				CODE_SIGN_STYLE = Automatic;
				CURRENT_PROJECT_VERSION = 1;
				DEVELOPMENT_TEAM = HU5NP8XV8L;
				GENERATE_INFOPLIST_FILE = YES;
				IPHONEOS_DEPLOYMENT_TARGET = 15.2;
				MARKETING_VERSION = 1.0;
				PRODUCT_BUNDLE_IDENTIFIER = cuakSolutions.KicksCartelAppTests;
				PRODUCT_NAME = "$(TARGET_NAME)";
				SWIFT_EMIT_LOC_STRINGS = NO;
				SWIFT_VERSION = 5.0;
				TARGETED_DEVICE_FAMILY = "1,2";
				TEST_HOST = "$(BUILT_PRODUCTS_DIR)/KicksCartelApp.app/KicksCartelApp";
			};
			name = Debug;
		};
		A8D50CA427DC1A7C0059D337 /* Release */ = {
			isa = XCBuildConfiguration;
			buildSettings = {
				ALWAYS_EMBED_SWIFT_STANDARD_LIBRARIES = YES;
				BUNDLE_LOADER = "$(TEST_HOST)";
				CODE_SIGN_STYLE = Automatic;
				CURRENT_PROJECT_VERSION = 1;
				DEVELOPMENT_TEAM = HU5NP8XV8L;
				GENERATE_INFOPLIST_FILE = YES;
				IPHONEOS_DEPLOYMENT_TARGET = 15.2;
				MARKETING_VERSION = 1.0;
				PRODUCT_BUNDLE_IDENTIFIER = cuakSolutions.KicksCartelAppTests;
				PRODUCT_NAME = "$(TARGET_NAME)";
				SWIFT_EMIT_LOC_STRINGS = NO;
				SWIFT_VERSION = 5.0;
				TARGETED_DEVICE_FAMILY = "1,2";
				TEST_HOST = "$(BUILT_PRODUCTS_DIR)/KicksCartelApp.app/KicksCartelApp";
			};
			name = Release;
		};
		A8D50CA627DC1A7C0059D337 /* Debug */ = {
			isa = XCBuildConfiguration;
			buildSettings = {
				ALWAYS_EMBED_SWIFT_STANDARD_LIBRARIES = YES;
				CODE_SIGN_STYLE = Automatic;
				CURRENT_PROJECT_VERSION = 1;
				DEVELOPMENT_TEAM = HU5NP8XV8L;
				GENERATE_INFOPLIST_FILE = YES;
				MARKETING_VERSION = 1.0;
				PRODUCT_BUNDLE_IDENTIFIER = cuakSolutions.KicksCartelAppUITests;
				PRODUCT_NAME = "$(TARGET_NAME)";
				SWIFT_EMIT_LOC_STRINGS = NO;
				SWIFT_VERSION = 5.0;
				TARGETED_DEVICE_FAMILY = "1,2";
				TEST_TARGET_NAME = KicksCartelApp;
			};
			name = Debug;
		};
		A8D50CA727DC1A7C0059D337 /* Release */ = {
			isa = XCBuildConfiguration;
			buildSettings = {
				ALWAYS_EMBED_SWIFT_STANDARD_LIBRARIES = YES;
				CODE_SIGN_STYLE = Automatic;
				CURRENT_PROJECT_VERSION = 1;
				DEVELOPMENT_TEAM = HU5NP8XV8L;
				GENERATE_INFOPLIST_FILE = YES;
				MARKETING_VERSION = 1.0;
				PRODUCT_BUNDLE_IDENTIFIER = cuakSolutions.KicksCartelAppUITests;
				PRODUCT_NAME = "$(TARGET_NAME)";
				SWIFT_EMIT_LOC_STRINGS = NO;
				SWIFT_VERSION = 5.0;
				TARGETED_DEVICE_FAMILY = "1,2";
				TEST_TARGET_NAME = KicksCartelApp;
			};
			name = Release;
		};
/* End XCBuildConfiguration section */

/* Begin XCConfigurationList section */
		A8D50C7627DC1A7B0059D337 /* Build configuration list for PBXProject "KicksCartelApp" */ = {
			isa = XCConfigurationList;
			buildConfigurations = (
				A8D50C9D27DC1A7C0059D337 /* Debug */,
				A8D50C9E27DC1A7C0059D337 /* Release */,
			);
			defaultConfigurationIsVisible = 0;
			defaultConfigurationName = Release;
		};
		A8D50C9F27DC1A7C0059D337 /* Build configuration list for PBXNativeTarget "KicksCartelApp" */ = {
			isa = XCConfigurationList;
			buildConfigurations = (
				A8D50CA027DC1A7C0059D337 /* Debug */,
				A8D50CA127DC1A7C0059D337 /* Release */,
			);
			defaultConfigurationIsVisible = 0;
			defaultConfigurationName = Release;
		};
		A8D50CA227DC1A7C0059D337 /* Build configuration list for PBXNativeTarget "KicksCartelAppTests" */ = {
			isa = XCConfigurationList;
			buildConfigurations = (
				A8D50CA327DC1A7C0059D337 /* Debug */,
				A8D50CA427DC1A7C0059D337 /* Release */,
			);
			defaultConfigurationIsVisible = 0;
			defaultConfigurationName = Release;
		};
		A8D50CA527DC1A7C0059D337 /* Build configuration list for PBXNativeTarget "KicksCartelAppUITests" */ = {
			isa = XCConfigurationList;
			buildConfigurations = (
				A8D50CA627DC1A7C0059D337 /* Debug */,
				A8D50CA727DC1A7C0059D337 /* Release */,
			);
			defaultConfigurationIsVisible = 0;
			defaultConfigurationName = Release;
		};
/* End XCConfigurationList section */
	};
	rootObject = A8D50C7327DC1A7B0059D337 /* Project object */;
}
